// !$*UTF8*$!
{
	archiveVersion = 1;
	classes = {
	};
	objectVersion = 46;
	objects = {

/* Begin PBXBuildFile section */
		6474CBF619BCE019003C94E2 /* AVFoundation.framework in Frameworks */ = {isa = PBXBuildFile; fileRef = 6474CBF019BCE00B003C94E2 /* AVFoundation.framework */; };
		6474CBF719BCE019003C94E2 /* CoreMedia.framework in Frameworks */ = {isa = PBXBuildFile; fileRef = 6474CBF119BCE00B003C94E2 /* CoreMedia.framework */; };
		6474CBF819BCE019003C94E2 /* QuartzCore.framework in Frameworks */ = {isa = PBXBuildFile; fileRef = 6474CBF219BCE00B003C94E2 /* QuartzCore.framework */; };
		BBAB23CB13894F3D00AA2426 /* GLUT.framework in CopyFiles */ = {isa = PBXBuildFile; fileRef = BBAB23BE13894E4700AA2426 /* GLUT.framework */; settings = {ATTRIBUTES = (CodeSignOnCopy, ); }; };
		BBD918BF1A2503B1008267A4 /* ofxTexture3d.cpp in Sources */ = {isa = PBXBuildFile; fileRef = BBD918B71A2503B1008267A4 /* ofxTexture3d.cpp */; };
		BBD918C01A2503B1008267A4 /* ofxVolumetrics.cpp in Sources */ = {isa = PBXBuildFile; fileRef = BBD918B91A2503B1008267A4 /* ofxVolumetrics.cpp */; };
		BBD918C31A250611008267A4 /* Volume.cpp in Sources */ = {isa = PBXBuildFile; fileRef = BBD918C11A250611008267A4 /* Volume.cpp */; };
		BBF9C41E1A2355D300209F8B /* license.md in Sources */ = {isa = PBXBuildFile; fileRef = BBF9C3CC1A2355D300209F8B /* license.md */; };
		BBF9C41F1A2355D300209F8B /* README.md in Sources */ = {isa = PBXBuildFile; fileRef = BBF9C3CD1A2355D300209F8B /* README.md */; };
		BBF9C4201A2355D300209F8B /* ControllerBase.cpp in Sources */ = {isa = PBXBuildFile; fileRef = BBF9C3D01A2355D300209F8B /* ControllerBase.cpp */; };
		BBF9C4211A2355D300209F8B /* Master.cpp in Sources */ = {isa = PBXBuildFile; fileRef = BBF9C3D21A2355D300209F8B /* Master.cpp */; };
		BBF9C4221A2355D300209F8B /* ofxMSAControlFreak.cpp in Sources */ = {isa = PBXBuildFile; fileRef = BBF9C3D41A2355D300209F8B /* ofxMSAControlFreak.cpp */; };
		BBF9C4231A2355D300209F8B /* Parameter.cpp in Sources */ = {isa = PBXBuildFile; fileRef = BBF9C3D61A2355D300209F8B /* Parameter.cpp */; };
		BBF9C4241A2355D300209F8B /* ParameterGroup.cpp in Sources */ = {isa = PBXBuildFile; fileRef = BBF9C3DA1A2355D300209F8B /* ParameterGroup.cpp */; };
		BBF9C4251A2355D300209F8B /* ParameterNamedIndex.cpp in Sources */ = {isa = PBXBuildFile; fileRef = BBF9C3DD1A2355D300209F8B /* ParameterNamedIndex.cpp */; };
		BBF9C4261A2355D300209F8B /* ParameterVec3f.cpp in Sources */ = {isa = PBXBuildFile; fileRef = BBF9C3E21A2355D300209F8B /* ParameterVec3f.cpp */; };
		BBF9C4271A2355D300209F8B /* Utils.cpp in Sources */ = {isa = PBXBuildFile; fileRef = BBF9C3E41A2355D300209F8B /* Utils.cpp */; };
		BBF9C4281A2355D300209F8B /* license.md in Sources */ = {isa = PBXBuildFile; fileRef = BBF9C3E71A2355D300209F8B /* license.md */; };
		BBF9C4291A2355D300209F8B /* README.md in Sources */ = {isa = PBXBuildFile; fileRef = BBF9C3E81A2355D300209F8B /* README.md */; };
		BBF9C42A1A2355D300209F8B /* Config.cpp in Sources */ = {isa = PBXBuildFile; fileRef = BBF9C3EA1A2355D300209F8B /* Config.cpp */; };
		BBF9C42B1A2355D300209F8B /* Container.cpp in Sources */ = {isa = PBXBuildFile; fileRef = BBF9C3EC1A2355D300209F8B /* Container.cpp */; };
		BBF9C42C1A2355D300209F8B /* Control.cpp in Sources */ = {isa = PBXBuildFile; fileRef = BBF9C3EE1A2355D300209F8B /* Control.cpp */; };
		BBF9C42D1A2355D300209F8B /* ControlProperties.cpp in Sources */ = {isa = PBXBuildFile; fileRef = BBF9C3F01A2355D300209F8B /* ControlProperties.cpp */; };
		BBF9C42E1A2355D300209F8B /* ColorPicker.cpp in Sources */ = {isa = PBXBuildFile; fileRef = BBF9C3F91A2355D300209F8B /* ColorPicker.cpp */; };
		BBF9C42F1A2355D300209F8B /* Content.cpp in Sources */ = {isa = PBXBuildFile; fileRef = BBF9C3FB1A2355D300209F8B /* Content.cpp */; };
		BBF9C4301A2355D300209F8B /* QuadWarp.cpp in Sources */ = {isa = PBXBuildFile; fileRef = BBF9C4021A2355D300209F8B /* QuadWarp.cpp */; };
		BBF9C4311A2355D300209F8B /* Slider2d.cpp in Sources */ = {isa = PBXBuildFile; fileRef = BBF9C4051A2355D300209F8B /* Slider2d.cpp */; };
		BBF9C4321A2355D300209F8B /* Gui.cpp in Sources */ = {isa = PBXBuildFile; fileRef = BBF9C4091A2355D300209F8B /* Gui.cpp */; };
		BBF9C4331A2355D300209F8B /* GuiControls.cpp in Sources */ = {isa = PBXBuildFile; fileRef = BBF9C40B1A2355D300209F8B /* GuiControls.cpp */; };
		BBF9C4341A2355D300209F8B /* LayoutManager.cpp in Sources */ = {isa = PBXBuildFile; fileRef = BBF9C40D1A2355D300209F8B /* LayoutManager.cpp */; };
		BBF9C4351A2355D300209F8B /* Page.cpp in Sources */ = {isa = PBXBuildFile; fileRef = BBF9C4111A2355D300209F8B /* Page.cpp */; };
		BBF9C4371A2355D300209F8B /* Panel.cpp in Sources */ = {isa = PBXBuildFile; fileRef = BBF9C4141A2355D300209F8B /* Panel.cpp */; };
		BBF9C4381A2355D300209F8B /* Renderer.cpp in Sources */ = {isa = PBXBuildFile; fileRef = BBF9C4171A2355D300209F8B /* Renderer.cpp */; };
		BBF9C4391A2355D300209F8B /* license.md in Sources */ = {isa = PBXBuildFile; fileRef = BBF9C41A1A2355D300209F8B /* license.md */; };
		BBF9C43A1A2355D300209F8B /* README.md in Sources */ = {isa = PBXBuildFile; fileRef = BBF9C41B1A2355D300209F8B /* README.md */; };
		BBF9C4471A23563F00209F8B /* license.md in Sources */ = {isa = PBXBuildFile; fileRef = BBF9C43D1A23563F00209F8B /* license.md */; };
		BBF9C4481A23563F00209F8B /* README.md in Sources */ = {isa = PBXBuildFile; fileRef = BBF9C43E1A23563F00209F8B /* README.md */; };
		BBF9C4491A23563F00209F8B /* MSACoreGL.cpp in Sources */ = {isa = PBXBuildFile; fileRef = BBF9C4441A23563F00209F8B /* MSACoreGL.cpp */; };
		BBF9C4531A23566300209F8B /* tinyxml.cpp in Sources */ = {isa = PBXBuildFile; fileRef = BBF9C44C1A23566300209F8B /* tinyxml.cpp */; };
		BBF9C4541A23566300209F8B /* tinyxmlerror.cpp in Sources */ = {isa = PBXBuildFile; fileRef = BBF9C44E1A23566300209F8B /* tinyxmlerror.cpp */; };
		BBF9C4551A23566300209F8B /* tinyxmlparser.cpp in Sources */ = {isa = PBXBuildFile; fileRef = BBF9C44F1A23566300209F8B /* tinyxmlparser.cpp */; };
		BBF9C4561A23566300209F8B /* ofxXmlSettings.cpp in Sources */ = {isa = PBXBuildFile; fileRef = BBF9C4511A23566300209F8B /* ofxXmlSettings.cpp */; };
		BBF9C45D1A2356A400209F8B /* license.md in Sources */ = {isa = PBXBuildFile; fileRef = BBF9C4581A2356A400209F8B /* license.md */; };
		BBF9C45E1A2356A400209F8B /* README.md in Sources */ = {isa = PBXBuildFile; fileRef = BBF9C4591A2356A400209F8B /* README.md */; };
		BBF9C45F1A2356A400209F8B /* ofxMSAInteractiveObject.cpp in Sources */ = {isa = PBXBuildFile; fileRef = BBF9C45B1A2356A400209F8B /* ofxMSAInteractiveObject.cpp */; };
		D60BAE781A275B1F00938BD5 /* maximilian.cpp in Sources */ = {isa = PBXBuildFile; fileRef = D60BAE731A275B1F00938BD5 /* maximilian.cpp */; };
		D60BAE791A275B1F00938BD5 /* RtAudio.cpp in Sources */ = {isa = PBXBuildFile; fileRef = D60BAE751A275B1F00938BD5 /* RtAudio.cpp */; };
		D60BAE7C1A275B3700938BD5 /* threaded_player.cpp in Sources */ = {isa = PBXBuildFile; fileRef = D60BAE7A1A275B3700938BD5 /* threaded_player.cpp */; };
		D60BAE801A276EDC00938BD5 /* AudioManager.cpp in Sources */ = {isa = PBXBuildFile; fileRef = D60BAE7E1A276EDC00938BD5 /* AudioManager.cpp */; };
		D69964B31A24CE16000F51F8 /* Dude.cpp in Sources */ = {isa = PBXBuildFile; fileRef = D69964B11A24CE16000F51F8 /* Dude.cpp */; };
		D69964B61A24EAB1000F51F8 /* Camera.cpp in Sources */ = {isa = PBXBuildFile; fileRef = D69964B41A24EAB1000F51F8 /* Camera.cpp */; };
		D6CEAD7B1A23596400FFC56A /* cmBuffer.cpp in Sources */ = {isa = PBXBuildFile; fileRef = D6CEAD3B1A23596400FFC56A /* cmBuffer.cpp */; };
		D6CEAD7C1A23596400FFC56A /* cmFileUtils.cpp in Sources */ = {isa = PBXBuildFile; fileRef = D6CEAD3E1A23596400FFC56A /* cmFileUtils.cpp */; };
		D6CEAD7D1A23596400FFC56A /* cmFileWatcher.cpp in Sources */ = {isa = PBXBuildFile; fileRef = D6CEAD401A23596400FFC56A /* cmFileWatcher.cpp */; };
		D6CEAD7E1A23596400FFC56A /* cmMemoryMap.cpp in Sources */ = {isa = PBXBuildFile; fileRef = D6CEAD421A23596400FFC56A /* cmMemoryMap.cpp */; };
		D6CEAD811A23596400FFC56A /* cmResource.cpp in Sources */ = {isa = PBXBuildFile; fileRef = D6CEAD491A23596400FFC56A /* cmResource.cpp */; };
		D6CEAD821A23596400FFC56A /* cmRTTI.cpp in Sources */ = {isa = PBXBuildFile; fileRef = D6CEAD4B1A23596400FFC56A /* cmRTTI.cpp */; };
		D6CEAD831A23596400FFC56A /* cmThread.cpp in Sources */ = {isa = PBXBuildFile; fileRef = D6CEAD4E1A23596400FFC56A /* cmThread.cpp */; };
		D6CEAD841A23596400FFC56A /* cmTime.cpp in Sources */ = {isa = PBXBuildFile; fileRef = D6CEAD501A23596400FFC56A /* cmTime.cpp */; };
		D6CEAD851A23596400FFC56A /* cmUtils.cpp in Sources */ = {isa = PBXBuildFile; fileRef = D6CEAD521A23596400FFC56A /* cmUtils.cpp */; };
		D6CEAD861A23596400FFC56A /* CMOSX.mm in Sources */ = {isa = PBXBuildFile; fileRef = D6CEAD571A23596400FFC56A /* CMOSX.mm */; };
		D6CEAD871A23596400FFC56A /* CMArcBall.cpp in Sources */ = {isa = PBXBuildFile; fileRef = D6CEAD5E1A23596400FFC56A /* CMArcBall.cpp */; };
		D6CEAD881A23596400FFC56A /* cmFrustum.cpp in Sources */ = {isa = PBXBuildFile; fileRef = D6CEAD611A23596400FFC56A /* cmFrustum.cpp */; };
		D6CEAD891A23596400FFC56A /* cmHomography.cpp in Sources */ = {isa = PBXBuildFile; fileRef = D6CEAD631A23596400FFC56A /* cmHomography.cpp */; };
		D6CEAD8A1A23596400FFC56A /* cmMathUtils.cpp in Sources */ = {isa = PBXBuildFile; fileRef = D6CEAD671A23596400FFC56A /* cmMathUtils.cpp */; };
		D6CEAD8B1A23596400FFC56A /* CMPerlin.cpp in Sources */ = {isa = PBXBuildFile; fileRef = D6CEAD6B1A23596400FFC56A /* CMPerlin.cpp */; };
		D6CEAD8C1A23596400FFC56A /* CMRay.cpp in Sources */ = {isa = PBXBuildFile; fileRef = D6CEAD6F1A23596400FFC56A /* CMRay.cpp */; };
		D6CEAD8D1A23596400FFC56A /* CMTransform.cpp in Sources */ = {isa = PBXBuildFile; fileRef = D6CEAD731A23596400FFC56A /* CMTransform.cpp */; };
		D6CEAD9E1A239C1D00FFC56A /* BVHParser.cpp in Sources */ = {isa = PBXBuildFile; fileRef = D6CEAD921A239C1D00FFC56A /* BVHParser.cpp */; };
		D6CEAD9F1A239C1D00FFC56A /* Skeleton.cpp in Sources */ = {isa = PBXBuildFile; fileRef = D6CEAD941A239C1D00FFC56A /* Skeleton.cpp */; };
		D6CEADA01A239C1D00FFC56A /* SkeletonAnimator.cpp in Sources */ = {isa = PBXBuildFile; fileRef = D6CEAD961A239C1D00FFC56A /* SkeletonAnimator.cpp */; };
		D6CEADA11A239C1D00FFC56A /* SkeletonAnimInstance.cpp in Sources */ = {isa = PBXBuildFile; fileRef = D6CEAD981A239C1D00FFC56A /* SkeletonAnimInstance.cpp */; };
		D6CEADA21A239C1D00FFC56A /* SkeletonAnimSource.cpp in Sources */ = {isa = PBXBuildFile; fileRef = D6CEAD9A1A239C1D00FFC56A /* SkeletonAnimSource.cpp */; };
		D6CEADA31A239C1D00FFC56A /* SkeletonAnimSystem.cpp in Sources */ = {isa = PBXBuildFile; fileRef = D6CEAD9C1A239C1D00FFC56A /* SkeletonAnimSystem.cpp */; };
		D6CEADAA1A239D4B00FFC56A /* RunningSkeleton.cpp in Sources */ = {isa = PBXBuildFile; fileRef = D6CEADA81A239D4B00FFC56A /* RunningSkeleton.cpp */; };
		D6CEADB01A23A0D200FFC56A /* cmGfxUtils.cpp in Sources */ = {isa = PBXBuildFile; fileRef = D6CEADAE1A23A0D200FFC56A /* cmGfxUtils.cpp */; };
		E4328149138ABC9F0047C5CB /* openFrameworksDebug.a in Frameworks */ = {isa = PBXBuildFile; fileRef = E4328148138ABC890047C5CB /* openFrameworksDebug.a */; };
		E45BE97B0E8CC7DD009D7055 /* AGL.framework in Frameworks */ = {isa = PBXBuildFile; fileRef = E45BE9710E8CC7DD009D7055 /* AGL.framework */; };
		E45BE97C0E8CC7DD009D7055 /* ApplicationServices.framework in Frameworks */ = {isa = PBXBuildFile; fileRef = E45BE9720E8CC7DD009D7055 /* ApplicationServices.framework */; };
		E45BE97D0E8CC7DD009D7055 /* AudioToolbox.framework in Frameworks */ = {isa = PBXBuildFile; fileRef = E45BE9730E8CC7DD009D7055 /* AudioToolbox.framework */; };
		E45BE97F0E8CC7DD009D7055 /* CoreAudio.framework in Frameworks */ = {isa = PBXBuildFile; fileRef = E45BE9750E8CC7DD009D7055 /* CoreAudio.framework */; };
		E45BE9800E8CC7DD009D7055 /* CoreFoundation.framework in Frameworks */ = {isa = PBXBuildFile; fileRef = E45BE9760E8CC7DD009D7055 /* CoreFoundation.framework */; };
		E45BE9810E8CC7DD009D7055 /* CoreServices.framework in Frameworks */ = {isa = PBXBuildFile; fileRef = E45BE9770E8CC7DD009D7055 /* CoreServices.framework */; };
		E45BE9830E8CC7DD009D7055 /* OpenGL.framework in Frameworks */ = {isa = PBXBuildFile; fileRef = E45BE9790E8CC7DD009D7055 /* OpenGL.framework */; };
		E45BE9840E8CC7DD009D7055 /* QuickTime.framework in Frameworks */ = {isa = PBXBuildFile; fileRef = E45BE97A0E8CC7DD009D7055 /* QuickTime.framework */; };
		E4B69E200A3A1BDC003C02F2 /* main.cpp in Sources */ = {isa = PBXBuildFile; fileRef = E4B69E1D0A3A1BDC003C02F2 /* main.cpp */; };
		E4B69E210A3A1BDC003C02F2 /* ofApp.cpp in Sources */ = {isa = PBXBuildFile; fileRef = E4B69E1E0A3A1BDC003C02F2 /* ofApp.cpp */; };
		E4C2424710CC5A17004149E2 /* AppKit.framework in Frameworks */ = {isa = PBXBuildFile; fileRef = E4C2424410CC5A17004149E2 /* AppKit.framework */; };
		E4C2424810CC5A17004149E2 /* Cocoa.framework in Frameworks */ = {isa = PBXBuildFile; fileRef = E4C2424510CC5A17004149E2 /* Cocoa.framework */; };
		E4C2424910CC5A17004149E2 /* IOKit.framework in Frameworks */ = {isa = PBXBuildFile; fileRef = E4C2424610CC5A17004149E2 /* IOKit.framework */; };
		E4EB6799138ADC1D00A09F29 /* GLUT.framework in Frameworks */ = {isa = PBXBuildFile; fileRef = BBAB23BE13894E4700AA2426 /* GLUT.framework */; };
		E7E077E515D3B63C0020DFD4 /* CoreVideo.framework in Frameworks */ = {isa = PBXBuildFile; fileRef = E7E077E415D3B63C0020DFD4 /* CoreVideo.framework */; };
		E7E077E815D3B6510020DFD4 /* QTKit.framework in Frameworks */ = {isa = PBXBuildFile; fileRef = E7E077E715D3B6510020DFD4 /* QTKit.framework */; };
		E7F985F815E0DEA3003869B5 /* Accelerate.framework in Frameworks */ = {isa = PBXBuildFile; fileRef = E7F985F515E0DE99003869B5 /* Accelerate.framework */; };
/* End PBXBuildFile section */

/* Begin PBXContainerItemProxy section */
		E4328147138ABC890047C5CB /* PBXContainerItemProxy */ = {
			isa = PBXContainerItemProxy;
			containerPortal = E4328143138ABC890047C5CB /* openFrameworksLib.xcodeproj */;
			proxyType = 2;
			remoteGlobalIDString = E4B27C1510CBEB8E00536013;
			remoteInfo = openFrameworks;
		};
		E4EEB9AB138B136A00A80321 /* PBXContainerItemProxy */ = {
			isa = PBXContainerItemProxy;
			containerPortal = E4328143138ABC890047C5CB /* openFrameworksLib.xcodeproj */;
			proxyType = 1;
			remoteGlobalIDString = E4B27C1410CBEB8E00536013;
			remoteInfo = openFrameworks;
		};
/* End PBXContainerItemProxy section */

/* Begin PBXCopyFilesBuildPhase section */
		E4C2427710CC5ABF004149E2 /* CopyFiles */ = {
			isa = PBXCopyFilesBuildPhase;
			buildActionMask = 2147483647;
			dstPath = "";
			dstSubfolderSpec = 10;
			files = (
				BBAB23CB13894F3D00AA2426 /* GLUT.framework in CopyFiles */,
			);
			runOnlyForDeploymentPostprocessing = 0;
		};
/* End PBXCopyFilesBuildPhase section */

/* Begin PBXFileReference section */
		6474CBF019BCE00B003C94E2 /* AVFoundation.framework */ = {isa = PBXFileReference; lastKnownFileType = wrapper.framework; name = AVFoundation.framework; path = System/Library/Frameworks/AVFoundation.framework; sourceTree = SDKROOT; };
		6474CBF119BCE00B003C94E2 /* CoreMedia.framework */ = {isa = PBXFileReference; lastKnownFileType = wrapper.framework; name = CoreMedia.framework; path = System/Library/Frameworks/CoreMedia.framework; sourceTree = SDKROOT; };
		6474CBF219BCE00B003C94E2 /* QuartzCore.framework */ = {isa = PBXFileReference; lastKnownFileType = wrapper.framework; name = QuartzCore.framework; path = System/Library/Frameworks/QuartzCore.framework; sourceTree = SDKROOT; };
		BB6C31D51A2753DE008509F0 /* Floor.h */ = {isa = PBXFileReference; lastKnownFileType = sourcecode.c.h; path = Floor.h; sourceTree = "<group>"; };
		BBAB23BE13894E4700AA2426 /* GLUT.framework */ = {isa = PBXFileReference; lastKnownFileType = wrapper.framework; name = GLUT.framework; path = ../../../libs/glut/lib/osx/GLUT.framework; sourceTree = "<group>"; };
		BBD918B61A2503B1008267A4 /* ofxImageSequencePlayer.h */ = {isa = PBXFileReference; fileEncoding = 4; lastKnownFileType = sourcecode.c.h; path = ofxImageSequencePlayer.h; sourceTree = "<group>"; };
		BBD918B71A2503B1008267A4 /* ofxTexture3d.cpp */ = {isa = PBXFileReference; fileEncoding = 4; lastKnownFileType = sourcecode.cpp.cpp; path = ofxTexture3d.cpp; sourceTree = "<group>"; };
		BBD918B81A2503B1008267A4 /* ofxTexture3d.h */ = {isa = PBXFileReference; fileEncoding = 4; lastKnownFileType = sourcecode.c.h; path = ofxTexture3d.h; sourceTree = "<group>"; };
		BBD918B91A2503B1008267A4 /* ofxVolumetrics.cpp */ = {isa = PBXFileReference; fileEncoding = 4; lastKnownFileType = sourcecode.cpp.cpp; path = ofxVolumetrics.cpp; sourceTree = "<group>"; };
		BBD918BA1A2503B1008267A4 /* ofxVolumetrics.h */ = {isa = PBXFileReference; fileEncoding = 4; lastKnownFileType = sourcecode.c.h; path = ofxVolumetrics.h; sourceTree = "<group>"; };
		BBD918C11A250611008267A4 /* Volume.cpp */ = {isa = PBXFileReference; fileEncoding = 4; lastKnownFileType = sourcecode.cpp.cpp; path = Volume.cpp; sourceTree = "<group>"; };
		BBD918C21A250611008267A4 /* Volume.h */ = {isa = PBXFileReference; fileEncoding = 4; lastKnownFileType = sourcecode.c.h; path = Volume.h; sourceTree = "<group>"; };
		BBD918CE1A25EEEB008267A4 /* sea.frag */ = {isa = PBXFileReference; fileEncoding = 4; lastKnownFileType = sourcecode.glsl; name = sea.frag; path = bin/data/shaders/sea.frag; sourceTree = "<group>"; };
		BBF9C3CC1A2355D300209F8B /* license.md */ = {isa = PBXFileReference; fileEncoding = 4; lastKnownFileType = net.daringfireball.markdown; path = license.md; sourceTree = "<group>"; };
		BBF9C3CD1A2355D300209F8B /* README.md */ = {isa = PBXFileReference; fileEncoding = 4; lastKnownFileType = net.daringfireball.markdown; path = README.md; sourceTree = "<group>"; };
		BBF9C3CF1A2355D300209F8B /* AnyValue.h */ = {isa = PBXFileReference; fileEncoding = 4; lastKnownFileType = sourcecode.c.h; path = AnyValue.h; sourceTree = "<group>"; };
		BBF9C3D01A2355D300209F8B /* ControllerBase.cpp */ = {isa = PBXFileReference; fileEncoding = 4; lastKnownFileType = sourcecode.cpp.cpp; path = ControllerBase.cpp; sourceTree = "<group>"; };
		BBF9C3D11A2355D300209F8B /* ControllerBase.h */ = {isa = PBXFileReference; fileEncoding = 4; lastKnownFileType = sourcecode.c.h; path = ControllerBase.h; sourceTree = "<group>"; };
		BBF9C3D21A2355D300209F8B /* Master.cpp */ = {isa = PBXFileReference; fileEncoding = 4; lastKnownFileType = sourcecode.cpp.cpp; path = Master.cpp; sourceTree = "<group>"; };
		BBF9C3D31A2355D300209F8B /* Master.h */ = {isa = PBXFileReference; fileEncoding = 4; lastKnownFileType = sourcecode.c.h; path = Master.h; sourceTree = "<group>"; };
		BBF9C3D41A2355D300209F8B /* ofxMSAControlFreak.cpp */ = {isa = PBXFileReference; fileEncoding = 4; lastKnownFileType = sourcecode.cpp.cpp; path = ofxMSAControlFreak.cpp; sourceTree = "<group>"; };
		BBF9C3D51A2355D300209F8B /* ofxMSAControlFreak.h */ = {isa = PBXFileReference; fileEncoding = 4; lastKnownFileType = sourcecode.c.h; path = ofxMSAControlFreak.h; sourceTree = "<group>"; };
		BBF9C3D61A2355D300209F8B /* Parameter.cpp */ = {isa = PBXFileReference; fileEncoding = 4; lastKnownFileType = sourcecode.cpp.cpp; path = Parameter.cpp; sourceTree = "<group>"; };
		BBF9C3D71A2355D300209F8B /* Parameter.h */ = {isa = PBXFileReference; fileEncoding = 4; lastKnownFileType = sourcecode.c.h; path = Parameter.h; sourceTree = "<group>"; };
		BBF9C3D81A2355D300209F8B /* ParameterBool.h */ = {isa = PBXFileReference; fileEncoding = 4; lastKnownFileType = sourcecode.c.h; path = ParameterBool.h; sourceTree = "<group>"; };
		BBF9C3D91A2355D300209F8B /* ParameterFloat.h */ = {isa = PBXFileReference; fileEncoding = 4; lastKnownFileType = sourcecode.c.h; path = ParameterFloat.h; sourceTree = "<group>"; };
		BBF9C3DA1A2355D300209F8B /* ParameterGroup.cpp */ = {isa = PBXFileReference; fileEncoding = 4; lastKnownFileType = sourcecode.cpp.cpp; path = ParameterGroup.cpp; sourceTree = "<group>"; };
		BBF9C3DB1A2355D300209F8B /* ParameterGroup.h */ = {isa = PBXFileReference; fileEncoding = 4; lastKnownFileType = sourcecode.c.h; path = ParameterGroup.h; sourceTree = "<group>"; };
		BBF9C3DC1A2355D300209F8B /* ParameterInt.h */ = {isa = PBXFileReference; fileEncoding = 4; lastKnownFileType = sourcecode.c.h; path = ParameterInt.h; sourceTree = "<group>"; };
		BBF9C3DD1A2355D300209F8B /* ParameterNamedIndex.cpp */ = {isa = PBXFileReference; fileEncoding = 4; lastKnownFileType = sourcecode.cpp.cpp; path = ParameterNamedIndex.cpp; sourceTree = "<group>"; };
		BBF9C3DE1A2355D300209F8B /* ParameterNamedIndex.h */ = {isa = PBXFileReference; fileEncoding = 4; lastKnownFileType = sourcecode.c.h; path = ParameterNamedIndex.h; sourceTree = "<group>"; };
		BBF9C3DF1A2355D300209F8B /* ParameterNumberValueT.h */ = {isa = PBXFileReference; fileEncoding = 4; lastKnownFileType = sourcecode.c.h; path = ParameterNumberValueT.h; sourceTree = "<group>"; };
		BBF9C3E01A2355D300209F8B /* ParameterValueI.h */ = {isa = PBXFileReference; fileEncoding = 4; lastKnownFileType = sourcecode.c.h; path = ParameterValueI.h; sourceTree = "<group>"; };
		BBF9C3E11A2355D300209F8B /* ParameterValueT.h */ = {isa = PBXFileReference; fileEncoding = 4; lastKnownFileType = sourcecode.c.h; path = ParameterValueT.h; sourceTree = "<group>"; };
		BBF9C3E21A2355D300209F8B /* ParameterVec3f.cpp */ = {isa = PBXFileReference; fileEncoding = 4; lastKnownFileType = sourcecode.cpp.cpp; path = ParameterVec3f.cpp; sourceTree = "<group>"; };
		BBF9C3E31A2355D300209F8B /* ParameterVec3f.h */ = {isa = PBXFileReference; fileEncoding = 4; lastKnownFileType = sourcecode.c.h; path = ParameterVec3f.h; sourceTree = "<group>"; };
		BBF9C3E41A2355D300209F8B /* Utils.cpp */ = {isa = PBXFileReference; fileEncoding = 4; lastKnownFileType = sourcecode.cpp.cpp; path = Utils.cpp; sourceTree = "<group>"; };
		BBF9C3E51A2355D300209F8B /* Utils.h */ = {isa = PBXFileReference; fileEncoding = 4; lastKnownFileType = sourcecode.c.h; path = Utils.h; sourceTree = "<group>"; };
		BBF9C3E71A2355D300209F8B /* license.md */ = {isa = PBXFileReference; fileEncoding = 4; lastKnownFileType = net.daringfireball.markdown; path = license.md; sourceTree = "<group>"; };
		BBF9C3E81A2355D300209F8B /* README.md */ = {isa = PBXFileReference; fileEncoding = 4; lastKnownFileType = net.daringfireball.markdown; path = README.md; sourceTree = "<group>"; };
		BBF9C3EA1A2355D300209F8B /* Config.cpp */ = {isa = PBXFileReference; fileEncoding = 4; lastKnownFileType = sourcecode.cpp.cpp; path = Config.cpp; sourceTree = "<group>"; };
		BBF9C3EB1A2355D300209F8B /* Config.h */ = {isa = PBXFileReference; fileEncoding = 4; lastKnownFileType = sourcecode.c.h; path = Config.h; sourceTree = "<group>"; };
		BBF9C3EC1A2355D300209F8B /* Container.cpp */ = {isa = PBXFileReference; fileEncoding = 4; lastKnownFileType = sourcecode.cpp.cpp; path = Container.cpp; sourceTree = "<group>"; };
		BBF9C3ED1A2355D300209F8B /* Container.h */ = {isa = PBXFileReference; fileEncoding = 4; lastKnownFileType = sourcecode.c.h; path = Container.h; sourceTree = "<group>"; };
		BBF9C3EE1A2355D300209F8B /* Control.cpp */ = {isa = PBXFileReference; fileEncoding = 4; lastKnownFileType = sourcecode.cpp.cpp; path = Control.cpp; sourceTree = "<group>"; };
		BBF9C3EF1A2355D300209F8B /* Control.h */ = {isa = PBXFileReference; fileEncoding = 4; lastKnownFileType = sourcecode.c.h; path = Control.h; sourceTree = "<group>"; };
		BBF9C3F01A2355D300209F8B /* ControlProperties.cpp */ = {isa = PBXFileReference; fileEncoding = 4; lastKnownFileType = sourcecode.cpp.cpp; path = ControlProperties.cpp; sourceTree = "<group>"; };
		BBF9C3F11A2355D300209F8B /* ControlProperties.h */ = {isa = PBXFileReference; fileEncoding = 4; lastKnownFileType = sourcecode.c.h; path = ControlProperties.h; sourceTree = "<group>"; };
		BBF9C3F31A2355D300209F8B /* BoolBase.h */ = {isa = PBXFileReference; fileEncoding = 4; lastKnownFileType = sourcecode.c.h; path = BoolBase.h; sourceTree = "<group>"; };
		BBF9C3F41A2355D300209F8B /* BoolButton.h */ = {isa = PBXFileReference; fileEncoding = 4; lastKnownFileType = sourcecode.c.h; path = BoolButton.h; sourceTree = "<group>"; };
		BBF9C3F51A2355D300209F8B /* BoolSimpleBox.h */ = {isa = PBXFileReference; fileEncoding = 4; lastKnownFileType = sourcecode.c.h; path = BoolSimpleBox.h; sourceTree = "<group>"; };
		BBF9C3F61A2355D300209F8B /* BoolSimpleCircle.h */ = {isa = PBXFileReference; fileEncoding = 4; lastKnownFileType = sourcecode.c.h; path = BoolSimpleCircle.h; sourceTree = "<group>"; };
		BBF9C3F71A2355D300209F8B /* BoolTitle.h */ = {isa = PBXFileReference; fileEncoding = 4; lastKnownFileType = sourcecode.c.h; path = BoolTitle.h; sourceTree = "<group>"; };
		BBF9C3F81A2355D300209F8B /* BoolToggle.h */ = {isa = PBXFileReference; fileEncoding = 4; lastKnownFileType = sourcecode.c.h; path = BoolToggle.h; sourceTree = "<group>"; };
		BBF9C3F91A2355D300209F8B /* ColorPicker.cpp */ = {isa = PBXFileReference; fileEncoding = 4; lastKnownFileType = sourcecode.cpp.cpp; path = ColorPicker.cpp; sourceTree = "<group>"; };
		BBF9C3FA1A2355D300209F8B /* ColorPicker.h */ = {isa = PBXFileReference; fileEncoding = 4; lastKnownFileType = sourcecode.c.h; path = ColorPicker.h; sourceTree = "<group>"; };
		BBF9C3FB1A2355D300209F8B /* Content.cpp */ = {isa = PBXFileReference; fileEncoding = 4; lastKnownFileType = sourcecode.cpp.cpp; path = Content.cpp; sourceTree = "<group>"; };
		BBF9C3FC1A2355D300209F8B /* Content.h */ = {isa = PBXFileReference; fileEncoding = 4; lastKnownFileType = sourcecode.c.h; path = Content.h; sourceTree = "<group>"; };
		BBF9C3FD1A2355D300209F8B /* FPSCounter.h */ = {isa = PBXFileReference; fileEncoding = 4; lastKnownFileType = sourcecode.c.h; path = FPSCounter.h; sourceTree = "<group>"; };
		BBF9C3FE1A2355D300209F8B /* OptionsBase.h */ = {isa = PBXFileReference; fileEncoding = 4; lastKnownFileType = sourcecode.c.h; path = OptionsBase.h; sourceTree = "<group>"; };
		BBF9C3FF1A2355D300209F8B /* OptionsBoxes.h */ = {isa = PBXFileReference; fileEncoding = 4; lastKnownFileType = sourcecode.c.h; path = OptionsBoxes.h; sourceTree = "<group>"; };
		BBF9C4001A2355D300209F8B /* OptionsDropdownList.h */ = {isa = PBXFileReference; fileEncoding = 4; lastKnownFileType = sourcecode.c.h; path = OptionsDropdownList.h; sourceTree = "<group>"; };
		BBF9C4011A2355D300209F8B /* OptionsList.h */ = {isa = PBXFileReference; fileEncoding = 4; lastKnownFileType = sourcecode.c.h; path = OptionsList.h; sourceTree = "<group>"; };
		BBF9C4021A2355D300209F8B /* QuadWarp.cpp */ = {isa = PBXFileReference; fileEncoding = 4; lastKnownFileType = sourcecode.cpp.cpp; path = QuadWarp.cpp; sourceTree = "<group>"; };
		BBF9C4031A2355D300209F8B /* QuadWarp.h */ = {isa = PBXFileReference; fileEncoding = 4; lastKnownFileType = sourcecode.c.h; path = QuadWarp.h; sourceTree = "<group>"; };
		BBF9C4041A2355D300209F8B /* ScrollBar.h */ = {isa = PBXFileReference; fileEncoding = 4; lastKnownFileType = sourcecode.c.h; path = ScrollBar.h; sourceTree = "<group>"; };
		BBF9C4051A2355D300209F8B /* Slider2d.cpp */ = {isa = PBXFileReference; fileEncoding = 4; lastKnownFileType = sourcecode.cpp.cpp; path = Slider2d.cpp; sourceTree = "<group>"; };
		BBF9C4061A2355D300209F8B /* Slider2d.h */ = {isa = PBXFileReference; fileEncoding = 4; lastKnownFileType = sourcecode.c.h; path = Slider2d.h; sourceTree = "<group>"; };
		BBF9C4071A2355D300209F8B /* SliderRawT.h */ = {isa = PBXFileReference; fileEncoding = 4; lastKnownFileType = sourcecode.c.h; path = SliderRawT.h; sourceTree = "<group>"; };
		BBF9C4081A2355D300209F8B /* SliderT.h */ = {isa = PBXFileReference; fileEncoding = 4; lastKnownFileType = sourcecode.c.h; path = SliderT.h; sourceTree = "<group>"; };
		BBF9C4091A2355D300209F8B /* Gui.cpp */ = {isa = PBXFileReference; fileEncoding = 4; lastKnownFileType = sourcecode.cpp.cpp; path = Gui.cpp; sourceTree = "<group>"; };
		BBF9C40A1A2355D300209F8B /* Gui.h */ = {isa = PBXFileReference; fileEncoding = 4; lastKnownFileType = sourcecode.c.h; path = Gui.h; sourceTree = "<group>"; };
		BBF9C40B1A2355D300209F8B /* GuiControls.cpp */ = {isa = PBXFileReference; fileEncoding = 4; lastKnownFileType = sourcecode.cpp.cpp; path = GuiControls.cpp; sourceTree = "<group>"; };
		BBF9C40C1A2355D300209F8B /* GuiControls.h */ = {isa = PBXFileReference; fileEncoding = 4; lastKnownFileType = sourcecode.c.h; path = GuiControls.h; sourceTree = "<group>"; };
		BBF9C40D1A2355D300209F8B /* LayoutManager.cpp */ = {isa = PBXFileReference; fileEncoding = 4; lastKnownFileType = sourcecode.cpp.cpp; path = LayoutManager.cpp; sourceTree = "<group>"; };
		BBF9C40E1A2355D300209F8B /* LayoutManager.h */ = {isa = PBXFileReference; fileEncoding = 4; lastKnownFileType = sourcecode.c.h; path = LayoutManager.h; sourceTree = "<group>"; };
		BBF9C40F1A2355D300209F8B /* LayoutSettings.h */ = {isa = PBXFileReference; fileEncoding = 4; lastKnownFileType = sourcecode.c.h; path = LayoutSettings.h; sourceTree = "<group>"; };
		BBF9C4101A2355D300209F8B /* ofxMSAControlFreakGui.h */ = {isa = PBXFileReference; fileEncoding = 4; lastKnownFileType = sourcecode.c.h; path = ofxMSAControlFreakGui.h; sourceTree = "<group>"; };
		BBF9C4111A2355D300209F8B /* Page.cpp */ = {isa = PBXFileReference; fileEncoding = 4; lastKnownFileType = sourcecode.cpp.cpp; path = Page.cpp; sourceTree = "<group>"; };
		BBF9C4121A2355D300209F8B /* Page.h */ = {isa = PBXFileReference; fileEncoding = 4; lastKnownFileType = sourcecode.c.h; path = Page.h; sourceTree = "<group>"; };
		BBF9C4141A2355D300209F8B /* Panel.cpp */ = {isa = PBXFileReference; fileEncoding = 4; lastKnownFileType = sourcecode.cpp.cpp; path = Panel.cpp; sourceTree = "<group>"; };
		BBF9C4151A2355D300209F8B /* Panel.h */ = {isa = PBXFileReference; fileEncoding = 4; lastKnownFileType = sourcecode.c.h; path = Panel.h; sourceTree = "<group>"; };
		BBF9C4161A2355D300209F8B /* PanelPresetManager.h */ = {isa = PBXFileReference; fileEncoding = 4; lastKnownFileType = sourcecode.c.h; path = PanelPresetManager.h; sourceTree = "<group>"; };
		BBF9C4171A2355D300209F8B /* Renderer.cpp */ = {isa = PBXFileReference; fileEncoding = 4; lastKnownFileType = sourcecode.cpp.cpp; path = Renderer.cpp; sourceTree = "<group>"; };
		BBF9C4181A2355D300209F8B /* Renderer.h */ = {isa = PBXFileReference; fileEncoding = 4; lastKnownFileType = sourcecode.c.h; path = Renderer.h; sourceTree = "<group>"; };
		BBF9C41A1A2355D300209F8B /* license.md */ = {isa = PBXFileReference; fileEncoding = 4; lastKnownFileType = net.daringfireball.markdown; path = license.md; sourceTree = "<group>"; };
		BBF9C41B1A2355D300209F8B /* README.md */ = {isa = PBXFileReference; fileEncoding = 4; lastKnownFileType = net.daringfireball.markdown; path = README.md; sourceTree = "<group>"; };
		BBF9C41D1A2355D300209F8B /* ofxMSAOrderedPointerMap.h */ = {isa = PBXFileReference; fileEncoding = 4; lastKnownFileType = sourcecode.c.h; path = ofxMSAOrderedPointerMap.h; sourceTree = "<group>"; };
		BBF9C43D1A23563F00209F8B /* license.md */ = {isa = PBXFileReference; fileEncoding = 4; lastKnownFileType = net.daringfireball.markdown; path = license.md; sourceTree = "<group>"; };
		BBF9C43E1A23563F00209F8B /* README.md */ = {isa = PBXFileReference; fileEncoding = 4; lastKnownFileType = net.daringfireball.markdown; path = README.md; sourceTree = "<group>"; };
		BBF9C4401A23563F00209F8B /* MSACore-Cinder.h */ = {isa = PBXFileReference; fileEncoding = 4; lastKnownFileType = sourcecode.c.h; path = "MSACore-Cinder.h"; sourceTree = "<group>"; };
		BBF9C4411A23563F00209F8B /* MSACore-OF.h */ = {isa = PBXFileReference; fileEncoding = 4; lastKnownFileType = sourcecode.c.h; path = "MSACore-OF.h"; sourceTree = "<group>"; };
		BBF9C4421A23563F00209F8B /* MSACore.h */ = {isa = PBXFileReference; fileEncoding = 4; lastKnownFileType = sourcecode.c.h; path = MSACore.h; sourceTree = "<group>"; };
		BBF9C4431A23563F00209F8B /* MSACoreCommon.h */ = {isa = PBXFileReference; fileEncoding = 4; lastKnownFileType = sourcecode.c.h; path = MSACoreCommon.h; sourceTree = "<group>"; };
		BBF9C4441A23563F00209F8B /* MSACoreGL.cpp */ = {isa = PBXFileReference; fileEncoding = 4; lastKnownFileType = sourcecode.cpp.cpp; path = MSACoreGL.cpp; sourceTree = "<group>"; };
		BBF9C4451A23563F00209F8B /* MSACoreGL.h */ = {isa = PBXFileReference; fileEncoding = 4; lastKnownFileType = sourcecode.c.h; path = MSACoreGL.h; sourceTree = "<group>"; };
		BBF9C4461A23563F00209F8B /* MSACoreMath.h */ = {isa = PBXFileReference; fileEncoding = 4; lastKnownFileType = sourcecode.c.h; path = MSACoreMath.h; sourceTree = "<group>"; };
		BBF9C44C1A23566300209F8B /* tinyxml.cpp */ = {isa = PBXFileReference; fileEncoding = 4; lastKnownFileType = sourcecode.cpp.cpp; path = tinyxml.cpp; sourceTree = "<group>"; };
		BBF9C44D1A23566300209F8B /* tinyxml.h */ = {isa = PBXFileReference; fileEncoding = 4; lastKnownFileType = sourcecode.c.h; path = tinyxml.h; sourceTree = "<group>"; };
		BBF9C44E1A23566300209F8B /* tinyxmlerror.cpp */ = {isa = PBXFileReference; fileEncoding = 4; lastKnownFileType = sourcecode.cpp.cpp; path = tinyxmlerror.cpp; sourceTree = "<group>"; };
		BBF9C44F1A23566300209F8B /* tinyxmlparser.cpp */ = {isa = PBXFileReference; fileEncoding = 4; lastKnownFileType = sourcecode.cpp.cpp; path = tinyxmlparser.cpp; sourceTree = "<group>"; };
		BBF9C4511A23566300209F8B /* ofxXmlSettings.cpp */ = {isa = PBXFileReference; fileEncoding = 4; lastKnownFileType = sourcecode.cpp.cpp; path = ofxXmlSettings.cpp; sourceTree = "<group>"; };
		BBF9C4521A23566300209F8B /* ofxXmlSettings.h */ = {isa = PBXFileReference; fileEncoding = 4; lastKnownFileType = sourcecode.c.h; path = ofxXmlSettings.h; sourceTree = "<group>"; };
		BBF9C4581A2356A400209F8B /* license.md */ = {isa = PBXFileReference; fileEncoding = 4; lastKnownFileType = net.daringfireball.markdown; path = license.md; sourceTree = "<group>"; };
		BBF9C4591A2356A400209F8B /* README.md */ = {isa = PBXFileReference; fileEncoding = 4; lastKnownFileType = net.daringfireball.markdown; path = README.md; sourceTree = "<group>"; };
		BBF9C45B1A2356A400209F8B /* ofxMSAInteractiveObject.cpp */ = {isa = PBXFileReference; fileEncoding = 4; lastKnownFileType = sourcecode.cpp.cpp; path = ofxMSAInteractiveObject.cpp; sourceTree = "<group>"; };
		BBF9C45C1A2356A400209F8B /* ofxMSAInteractiveObject.h */ = {isa = PBXFileReference; fileEncoding = 4; lastKnownFileType = sourcecode.c.h; path = ofxMSAInteractiveObject.h; sourceTree = "<group>"; };
		BBF9C4611A23748800209F8B /* shaders */ = {isa = PBXFileReference; lastKnownFileType = folder; name = shaders; path = bin/data/shaders; sourceTree = "<group>"; };
		D60803481A2644500018B8CF /* Thing.h */ = {isa = PBXFileReference; fileEncoding = 4; lastKnownFileType = sourcecode.c.h; path = Thing.h; sourceTree = "<group>"; };
		D608034B1A2648180018B8CF /* RenderManager.h */ = {isa = PBXFileReference; fileEncoding = 4; lastKnownFileType = sourcecode.c.h; path = RenderManager.h; sourceTree = "<group>"; };
		D60BAE731A275B1F00938BD5 /* maximilian.cpp */ = {isa = PBXFileReference; fileEncoding = 4; lastKnownFileType = sourcecode.cpp.cpp; path = maximilian.cpp; sourceTree = "<group>"; };
		D60BAE741A275B1F00938BD5 /* maximilian.h */ = {isa = PBXFileReference; fileEncoding = 4; lastKnownFileType = sourcecode.c.h; path = maximilian.h; sourceTree = "<group>"; };
		D60BAE751A275B1F00938BD5 /* RtAudio.cpp */ = {isa = PBXFileReference; fileEncoding = 4; lastKnownFileType = sourcecode.cpp.cpp; path = RtAudio.cpp; sourceTree = "<group>"; };
		D60BAE761A275B1F00938BD5 /* RtAudio.h */ = {isa = PBXFileReference; fileEncoding = 4; lastKnownFileType = sourcecode.c.h; path = RtAudio.h; sourceTree = "<group>"; };
		D60BAE771A275B1F00938BD5 /* RtError.h */ = {isa = PBXFileReference; fileEncoding = 4; lastKnownFileType = sourcecode.c.h; path = RtError.h; sourceTree = "<group>"; };
		D60BAE7A1A275B3700938BD5 /* threaded_player.cpp */ = {isa = PBXFileReference; fileEncoding = 4; lastKnownFileType = sourcecode.cpp.cpp; path = threaded_player.cpp; sourceTree = "<group>"; };
		D60BAE7B1A275B3700938BD5 /* threaded_player.h */ = {isa = PBXFileReference; fileEncoding = 4; lastKnownFileType = sourcecode.c.h; path = threaded_player.h; sourceTree = "<group>"; };
		D60BAE7E1A276EDC00938BD5 /* AudioManager.cpp */ = {isa = PBXFileReference; fileEncoding = 4; lastKnownFileType = sourcecode.cpp.cpp; path = AudioManager.cpp; sourceTree = "<group>"; };
		D60BAE7F1A276EDC00938BD5 /* AudioManager.h */ = {isa = PBXFileReference; fileEncoding = 4; lastKnownFileType = sourcecode.c.h; path = AudioManager.h; sourceTree = "<group>"; };
		D69964B11A24CE16000F51F8 /* Dude.cpp */ = {isa = PBXFileReference; fileEncoding = 4; lastKnownFileType = sourcecode.cpp.cpp; path = Dude.cpp; sourceTree = "<group>"; };
		D69964B21A24CE16000F51F8 /* Dude.h */ = {isa = PBXFileReference; fileEncoding = 4; lastKnownFileType = sourcecode.c.h; path = Dude.h; sourceTree = "<group>"; };
		D69964B41A24EAB1000F51F8 /* Camera.cpp */ = {isa = PBXFileReference; fileEncoding = 4; lastKnownFileType = sourcecode.cpp.cpp; path = Camera.cpp; sourceTree = "<group>"; };
		D69964B51A24EAB1000F51F8 /* Camera.h */ = {isa = PBXFileReference; fileEncoding = 4; lastKnownFileType = sourcecode.c.h; path = Camera.h; sourceTree = "<group>"; };
		D6CEAD361A23596400FFC56A /* cmCore.h */ = {isa = PBXFileReference; fileEncoding = 4; lastKnownFileType = sourcecode.c.h; path = cmCore.h; sourceTree = "<group>"; };
		D6CEAD371A23596400FFC56A /* cmMath.h */ = {isa = PBXFileReference; fileEncoding = 4; lastKnownFileType = sourcecode.c.h; path = cmMath.h; sourceTree = "<group>"; };
		D6CEAD381A23596400FFC56A /* colormotor.h */ = {isa = PBXFileReference; fileEncoding = 4; lastKnownFileType = sourcecode.c.h; path = colormotor.h; sourceTree = "<group>"; };
		D6CEAD3A1A23596400FFC56A /* Array2D.h */ = {isa = PBXFileReference; fileEncoding = 4; lastKnownFileType = sourcecode.c.h; path = Array2D.h; sourceTree = "<group>"; };
		D6CEAD3B1A23596400FFC56A /* cmBuffer.cpp */ = {isa = PBXFileReference; fileEncoding = 4; lastKnownFileType = sourcecode.cpp.cpp; path = cmBuffer.cpp; sourceTree = "<group>"; };
		D6CEAD3C1A23596400FFC56A /* cmBuffer.h */ = {isa = PBXFileReference; fileEncoding = 4; lastKnownFileType = sourcecode.c.h; path = cmBuffer.h; sourceTree = "<group>"; };
		D6CEAD3D1A23596400FFC56A /* cmCoreIncludes.h */ = {isa = PBXFileReference; fileEncoding = 4; lastKnownFileType = sourcecode.c.h; path = cmCoreIncludes.h; sourceTree = "<group>"; };
		D6CEAD3E1A23596400FFC56A /* cmFileUtils.cpp */ = {isa = PBXFileReference; fileEncoding = 4; lastKnownFileType = sourcecode.cpp.cpp; path = cmFileUtils.cpp; sourceTree = "<group>"; };
		D6CEAD3F1A23596400FFC56A /* cmFileUtils.h */ = {isa = PBXFileReference; fileEncoding = 4; lastKnownFileType = sourcecode.c.h; path = cmFileUtils.h; sourceTree = "<group>"; };
		D6CEAD401A23596400FFC56A /* cmFileWatcher.cpp */ = {isa = PBXFileReference; fileEncoding = 4; lastKnownFileType = sourcecode.cpp.cpp; path = cmFileWatcher.cpp; sourceTree = "<group>"; };
		D6CEAD411A23596400FFC56A /* cmFileWatcher.h */ = {isa = PBXFileReference; fileEncoding = 4; lastKnownFileType = sourcecode.c.h; path = cmFileWatcher.h; sourceTree = "<group>"; };
		D6CEAD421A23596400FFC56A /* cmMemoryMap.cpp */ = {isa = PBXFileReference; fileEncoding = 4; lastKnownFileType = sourcecode.cpp.cpp; path = cmMemoryMap.cpp; sourceTree = "<group>"; };
		D6CEAD431A23596400FFC56A /* cmMemoryMap.h */ = {isa = PBXFileReference; fileEncoding = 4; lastKnownFileType = sourcecode.c.h; path = cmMemoryMap.h; sourceTree = "<group>"; };
		D6CEAD481A23596400FFC56A /* cmRefPtr.h */ = {isa = PBXFileReference; fileEncoding = 4; lastKnownFileType = sourcecode.c.h; path = cmRefPtr.h; sourceTree = "<group>"; };
		D6CEAD491A23596400FFC56A /* cmResource.cpp */ = {isa = PBXFileReference; fileEncoding = 4; lastKnownFileType = sourcecode.cpp.cpp; path = cmResource.cpp; sourceTree = "<group>"; };
		D6CEAD4A1A23596400FFC56A /* cmResource.h */ = {isa = PBXFileReference; fileEncoding = 4; lastKnownFileType = sourcecode.c.h; path = cmResource.h; sourceTree = "<group>"; };
		D6CEAD4B1A23596400FFC56A /* cmRTTI.cpp */ = {isa = PBXFileReference; fileEncoding = 4; lastKnownFileType = sourcecode.cpp.cpp; path = cmRTTI.cpp; sourceTree = "<group>"; };
		D6CEAD4C1A23596400FFC56A /* cmRTTI.h */ = {isa = PBXFileReference; fileEncoding = 4; lastKnownFileType = sourcecode.c.h; path = cmRTTI.h; sourceTree = "<group>"; };
		D6CEAD4D1A23596400FFC56A /* cmSingleton.h */ = {isa = PBXFileReference; fileEncoding = 4; lastKnownFileType = sourcecode.c.h; path = cmSingleton.h; sourceTree = "<group>"; };
		D6CEAD4E1A23596400FFC56A /* cmThread.cpp */ = {isa = PBXFileReference; fileEncoding = 4; lastKnownFileType = sourcecode.cpp.cpp; path = cmThread.cpp; sourceTree = "<group>"; };
		D6CEAD4F1A23596400FFC56A /* cmThread.h */ = {isa = PBXFileReference; fileEncoding = 4; lastKnownFileType = sourcecode.c.h; path = cmThread.h; sourceTree = "<group>"; };
		D6CEAD501A23596400FFC56A /* cmTime.cpp */ = {isa = PBXFileReference; fileEncoding = 4; lastKnownFileType = sourcecode.cpp.cpp; path = cmTime.cpp; sourceTree = "<group>"; };
		D6CEAD511A23596400FFC56A /* cmTime.h */ = {isa = PBXFileReference; fileEncoding = 4; lastKnownFileType = sourcecode.c.h; path = cmTime.h; sourceTree = "<group>"; };
		D6CEAD521A23596400FFC56A /* cmUtils.cpp */ = {isa = PBXFileReference; fileEncoding = 4; lastKnownFileType = sourcecode.cpp.cpp; path = cmUtils.cpp; sourceTree = "<group>"; };
		D6CEAD531A23596400FFC56A /* cmUtils.h */ = {isa = PBXFileReference; fileEncoding = 4; lastKnownFileType = sourcecode.c.h; path = cmUtils.h; sourceTree = "<group>"; };
		D6CEAD541A23596400FFC56A /* HashMap.h */ = {isa = PBXFileReference; fileEncoding = 4; lastKnownFileType = sourcecode.c.h; path = HashMap.h; sourceTree = "<group>"; };
		D6CEAD571A23596400FFC56A /* CMOSX.mm */ = {isa = PBXFileReference; fileEncoding = 4; lastKnownFileType = sourcecode.cpp.objcpp; path = CMOSX.mm; sourceTree = "<group>"; };
		D6CEAD581A23596400FFC56A /* CMOSXThread.h */ = {isa = PBXFileReference; fileEncoding = 4; lastKnownFileType = sourcecode.c.h; path = CMOSXThread.h; sourceTree = "<group>"; };
		D6CEAD5A1A23596400FFC56A /* CMWin32Thread.h */ = {isa = PBXFileReference; fileEncoding = 4; lastKnownFileType = sourcecode.c.h; path = CMWin32Thread.h; sourceTree = "<group>"; };
		D6CEAD5B1A23596400FFC56A /* TPtrList.h */ = {isa = PBXFileReference; fileEncoding = 4; lastKnownFileType = sourcecode.c.h; path = TPtrList.h; sourceTree = "<group>"; };
		D6CEAD5D1A23596400FFC56A /* CMAABox.h */ = {isa = PBXFileReference; fileEncoding = 4; lastKnownFileType = sourcecode.c.h; path = CMAABox.h; sourceTree = "<group>"; };
		D6CEAD5E1A23596400FFC56A /* CMArcBall.cpp */ = {isa = PBXFileReference; fileEncoding = 4; lastKnownFileType = sourcecode.cpp.cpp; path = CMArcBall.cpp; sourceTree = "<group>"; };
		D6CEAD5F1A23596400FFC56A /* CMArcBall.h */ = {isa = PBXFileReference; fileEncoding = 4; lastKnownFileType = sourcecode.c.h; path = CMArcBall.h; sourceTree = "<group>"; };
		D6CEAD601A23596400FFC56A /* CMColor.h */ = {isa = PBXFileReference; fileEncoding = 4; lastKnownFileType = sourcecode.c.h; path = CMColor.h; sourceTree = "<group>"; };
		D6CEAD611A23596400FFC56A /* cmFrustum.cpp */ = {isa = PBXFileReference; fileEncoding = 4; lastKnownFileType = sourcecode.cpp.cpp; path = cmFrustum.cpp; sourceTree = "<group>"; };
		D6CEAD621A23596400FFC56A /* cmFrustum.h */ = {isa = PBXFileReference; fileEncoding = 4; lastKnownFileType = sourcecode.c.h; path = cmFrustum.h; sourceTree = "<group>"; };
		D6CEAD631A23596400FFC56A /* cmHomography.cpp */ = {isa = PBXFileReference; fileEncoding = 4; lastKnownFileType = sourcecode.cpp.cpp; path = cmHomography.cpp; sourceTree = "<group>"; };
		D6CEAD641A23596400FFC56A /* cmHomography.h */ = {isa = PBXFileReference; fileEncoding = 4; lastKnownFileType = sourcecode.c.h; path = cmHomography.h; sourceTree = "<group>"; };
		D6CEAD651A23596400FFC56A /* cmMathDefs.h */ = {isa = PBXFileReference; fileEncoding = 4; lastKnownFileType = sourcecode.c.h; path = cmMathDefs.h; sourceTree = "<group>"; };
		D6CEAD661A23596400FFC56A /* cmMathIncludes.h */ = {isa = PBXFileReference; fileEncoding = 4; lastKnownFileType = sourcecode.c.h; path = cmMathIncludes.h; sourceTree = "<group>"; };
		D6CEAD671A23596400FFC56A /* cmMathUtils.cpp */ = {isa = PBXFileReference; fileEncoding = 4; lastKnownFileType = sourcecode.cpp.cpp; path = cmMathUtils.cpp; sourceTree = "<group>"; };
		D6CEAD681A23596400FFC56A /* cmMathUtils.h */ = {isa = PBXFileReference; fileEncoding = 4; lastKnownFileType = sourcecode.c.h; path = cmMathUtils.h; sourceTree = "<group>"; };
		D6CEAD691A23596400FFC56A /* cmMatrix3x3.h */ = {isa = PBXFileReference; fileEncoding = 4; lastKnownFileType = sourcecode.c.h; path = cmMatrix3x3.h; sourceTree = "<group>"; };
		D6CEAD6A1A23596400FFC56A /* cmMatrix4x4.h */ = {isa = PBXFileReference; fileEncoding = 4; lastKnownFileType = sourcecode.c.h; path = cmMatrix4x4.h; sourceTree = "<group>"; };
		D6CEAD6B1A23596400FFC56A /* CMPerlin.cpp */ = {isa = PBXFileReference; fileEncoding = 4; lastKnownFileType = sourcecode.cpp.cpp; path = CMPerlin.cpp; sourceTree = "<group>"; };
		D6CEAD6C1A23596400FFC56A /* CMPerlin.h */ = {isa = PBXFileReference; fileEncoding = 4; lastKnownFileType = sourcecode.c.h; path = CMPerlin.h; sourceTree = "<group>"; };
		D6CEAD6D1A23596400FFC56A /* CMPlane.h */ = {isa = PBXFileReference; fileEncoding = 4; lastKnownFileType = sourcecode.c.h; path = CMPlane.h; sourceTree = "<group>"; };
		D6CEAD6E1A23596400FFC56A /* CMQuat.h */ = {isa = PBXFileReference; fileEncoding = 4; lastKnownFileType = sourcecode.c.h; path = CMQuat.h; sourceTree = "<group>"; };
		D6CEAD6F1A23596400FFC56A /* CMRay.cpp */ = {isa = PBXFileReference; fileEncoding = 4; lastKnownFileType = sourcecode.cpp.cpp; path = CMRay.cpp; sourceTree = "<group>"; };
		D6CEAD701A23596400FFC56A /* CMRay.h */ = {isa = PBXFileReference; fileEncoding = 4; lastKnownFileType = sourcecode.c.h; path = CMRay.h; sourceTree = "<group>"; };
		D6CEAD711A23596400FFC56A /* CMRect.h */ = {isa = PBXFileReference; fileEncoding = 4; lastKnownFileType = sourcecode.c.h; path = CMRect.h; sourceTree = "<group>"; };
		D6CEAD721A23596400FFC56A /* CMRect3D.h */ = {isa = PBXFileReference; fileEncoding = 4; lastKnownFileType = sourcecode.c.h; path = CMRect3D.h; sourceTree = "<group>"; };
		D6CEAD731A23596400FFC56A /* CMTransform.cpp */ = {isa = PBXFileReference; fileEncoding = 4; lastKnownFileType = sourcecode.cpp.cpp; path = CMTransform.cpp; sourceTree = "<group>"; };
		D6CEAD741A23596400FFC56A /* CMTransform.h */ = {isa = PBXFileReference; fileEncoding = 4; lastKnownFileType = sourcecode.c.h; path = CMTransform.h; sourceTree = "<group>"; };
		D6CEAD751A23596400FFC56A /* CMTriangle2D.h */ = {isa = PBXFileReference; fileEncoding = 4; lastKnownFileType = sourcecode.c.h; path = CMTriangle2D.h; sourceTree = "<group>"; };
		D6CEAD761A23596400FFC56A /* cmVec2.h */ = {isa = PBXFileReference; fileEncoding = 4; lastKnownFileType = sourcecode.c.h; path = cmVec2.h; sourceTree = "<group>"; };
		D6CEAD771A23596400FFC56A /* cmVec3.h */ = {isa = PBXFileReference; fileEncoding = 4; lastKnownFileType = sourcecode.c.h; path = cmVec3.h; sourceTree = "<group>"; };
		D6CEAD781A23596400FFC56A /* cmVec4.h */ = {isa = PBXFileReference; fileEncoding = 4; lastKnownFileType = sourcecode.c.h; path = cmVec4.h; sourceTree = "<group>"; };
		D6CEAD791A23596400FFC56A /* cmVector.h */ = {isa = PBXFileReference; fileEncoding = 4; lastKnownFileType = sourcecode.c.h; path = cmVector.h; sourceTree = "<group>"; };
		D6CEAD8E1A2359F900FFC56A /* cm.h */ = {isa = PBXFileReference; fileEncoding = 4; lastKnownFileType = sourcecode.c.h; path = cm.h; sourceTree = "<group>"; };
		D6CEAD8F1A2359F900FFC56A /* cmConfig.h */ = {isa = PBXFileReference; fileEncoding = 4; lastKnownFileType = sourcecode.c.h; path = cmConfig.h; sourceTree = "<group>"; };
		D6CEAD921A239C1D00FFC56A /* BVHParser.cpp */ = {isa = PBXFileReference; fileEncoding = 4; lastKnownFileType = sourcecode.cpp.cpp; path = BVHParser.cpp; sourceTree = "<group>"; };
		D6CEAD931A239C1D00FFC56A /* BVHParser.h */ = {isa = PBXFileReference; fileEncoding = 4; lastKnownFileType = sourcecode.c.h; path = BVHParser.h; sourceTree = "<group>"; };
		D6CEAD941A239C1D00FFC56A /* Skeleton.cpp */ = {isa = PBXFileReference; fileEncoding = 4; lastKnownFileType = sourcecode.cpp.cpp; path = Skeleton.cpp; sourceTree = "<group>"; };
		D6CEAD951A239C1D00FFC56A /* Skeleton.h */ = {isa = PBXFileReference; fileEncoding = 4; lastKnownFileType = sourcecode.c.h; path = Skeleton.h; sourceTree = "<group>"; };
		D6CEAD961A239C1D00FFC56A /* SkeletonAnimator.cpp */ = {isa = PBXFileReference; fileEncoding = 4; lastKnownFileType = sourcecode.cpp.cpp; path = SkeletonAnimator.cpp; sourceTree = "<group>"; };
		D6CEAD971A239C1D00FFC56A /* SkeletonAnimator.h */ = {isa = PBXFileReference; fileEncoding = 4; lastKnownFileType = sourcecode.c.h; path = SkeletonAnimator.h; sourceTree = "<group>"; };
		D6CEAD981A239C1D00FFC56A /* SkeletonAnimInstance.cpp */ = {isa = PBXFileReference; fileEncoding = 4; lastKnownFileType = sourcecode.cpp.cpp; path = SkeletonAnimInstance.cpp; sourceTree = "<group>"; };
		D6CEAD991A239C1D00FFC56A /* SkeletonAnimInstance.h */ = {isa = PBXFileReference; fileEncoding = 4; lastKnownFileType = sourcecode.c.h; path = SkeletonAnimInstance.h; sourceTree = "<group>"; };
		D6CEAD9A1A239C1D00FFC56A /* SkeletonAnimSource.cpp */ = {isa = PBXFileReference; fileEncoding = 4; lastKnownFileType = sourcecode.cpp.cpp; path = SkeletonAnimSource.cpp; sourceTree = "<group>"; };
		D6CEAD9B1A239C1D00FFC56A /* SkeletonAnimSource.h */ = {isa = PBXFileReference; fileEncoding = 4; lastKnownFileType = sourcecode.c.h; path = SkeletonAnimSource.h; sourceTree = "<group>"; };
		D6CEAD9C1A239C1D00FFC56A /* SkeletonAnimSystem.cpp */ = {isa = PBXFileReference; fileEncoding = 4; lastKnownFileType = sourcecode.cpp.cpp; path = SkeletonAnimSystem.cpp; sourceTree = "<group>"; };
		D6CEAD9D1A239C1D00FFC56A /* SkeletonAnimSystem.h */ = {isa = PBXFileReference; fileEncoding = 4; lastKnownFileType = sourcecode.c.h; path = SkeletonAnimSystem.h; sourceTree = "<group>"; };
		D6CEADA41A239CC800FFC56A /* Timeline.h */ = {isa = PBXFileReference; fileEncoding = 4; lastKnownFileType = sourcecode.c.h; path = Timeline.h; sourceTree = "<group>"; };
		D6CEADA81A239D4B00FFC56A /* RunningSkeleton.cpp */ = {isa = PBXFileReference; fileEncoding = 4; lastKnownFileType = sourcecode.cpp.cpp; path = RunningSkeleton.cpp; sourceTree = "<group>"; };
		D6CEADA91A239D4B00FFC56A /* RunningSkeleton.h */ = {isa = PBXFileReference; fileEncoding = 4; lastKnownFileType = sourcecode.c.h; path = RunningSkeleton.h; sourceTree = "<group>"; };
		D6CEADAB1A239D6E00FFC56A /* AnimSys.h */ = {isa = PBXFileReference; lastKnownFileType = sourcecode.c.h; path = AnimSys.h; sourceTree = "<group>"; };
		D6CEADAC1A23A0D200FFC56A /* cmGfx.h */ = {isa = PBXFileReference; fileEncoding = 4; lastKnownFileType = sourcecode.c.h; path = cmGfx.h; sourceTree = "<group>"; };
		D6CEADAE1A23A0D200FFC56A /* cmGfxUtils.cpp */ = {isa = PBXFileReference; fileEncoding = 4; lastKnownFileType = sourcecode.cpp.cpp; path = cmGfxUtils.cpp; sourceTree = "<group>"; };
		D6CEADAF1A23A0D200FFC56A /* CMGfxUtils.h */ = {isa = PBXFileReference; fileEncoding = 4; lastKnownFileType = sourcecode.c.h; path = CMGfxUtils.h; sourceTree = "<group>"; };
		E4328143138ABC890047C5CB /* openFrameworksLib.xcodeproj */ = {isa = PBXFileReference; lastKnownFileType = "wrapper.pb-project"; name = openFrameworksLib.xcodeproj; path = ../../../libs/openFrameworksCompiled/project/osx/openFrameworksLib.xcodeproj; sourceTree = SOURCE_ROOT; };
		E45BE9710E8CC7DD009D7055 /* AGL.framework */ = {isa = PBXFileReference; lastKnownFileType = wrapper.framework; name = AGL.framework; path = /System/Library/Frameworks/AGL.framework; sourceTree = "<absolute>"; };
		E45BE9720E8CC7DD009D7055 /* ApplicationServices.framework */ = {isa = PBXFileReference; lastKnownFileType = wrapper.framework; name = ApplicationServices.framework; path = /System/Library/Frameworks/ApplicationServices.framework; sourceTree = "<absolute>"; };
		E45BE9730E8CC7DD009D7055 /* AudioToolbox.framework */ = {isa = PBXFileReference; lastKnownFileType = wrapper.framework; name = AudioToolbox.framework; path = /System/Library/Frameworks/AudioToolbox.framework; sourceTree = "<absolute>"; };
		E45BE9750E8CC7DD009D7055 /* CoreAudio.framework */ = {isa = PBXFileReference; lastKnownFileType = wrapper.framework; name = CoreAudio.framework; path = /System/Library/Frameworks/CoreAudio.framework; sourceTree = "<absolute>"; };
		E45BE9760E8CC7DD009D7055 /* CoreFoundation.framework */ = {isa = PBXFileReference; lastKnownFileType = wrapper.framework; name = CoreFoundation.framework; path = /System/Library/Frameworks/CoreFoundation.framework; sourceTree = "<absolute>"; };
		E45BE9770E8CC7DD009D7055 /* CoreServices.framework */ = {isa = PBXFileReference; lastKnownFileType = wrapper.framework; name = CoreServices.framework; path = /System/Library/Frameworks/CoreServices.framework; sourceTree = "<absolute>"; };
		E45BE9790E8CC7DD009D7055 /* OpenGL.framework */ = {isa = PBXFileReference; lastKnownFileType = wrapper.framework; name = OpenGL.framework; path = /System/Library/Frameworks/OpenGL.framework; sourceTree = "<absolute>"; };
		E45BE97A0E8CC7DD009D7055 /* QuickTime.framework */ = {isa = PBXFileReference; lastKnownFileType = wrapper.framework; name = QuickTime.framework; path = /System/Library/Frameworks/QuickTime.framework; sourceTree = "<absolute>"; };
		E4B69B5B0A3A1756003C02F2 /* VolumeRunnerAppDebug.app */ = {isa = PBXFileReference; explicitFileType = wrapper.application; includeInIndex = 0; path = VolumeRunnerAppDebug.app; sourceTree = BUILT_PRODUCTS_DIR; };
		E4B69E1D0A3A1BDC003C02F2 /* main.cpp */ = {isa = PBXFileReference; fileEncoding = 30; lastKnownFileType = sourcecode.cpp.cpp; name = main.cpp; path = src/main.cpp; sourceTree = SOURCE_ROOT; };
		E4B69E1E0A3A1BDC003C02F2 /* ofApp.cpp */ = {isa = PBXFileReference; explicitFileType = sourcecode.cpp.cpp; fileEncoding = 30; name = ofApp.cpp; path = src/ofApp.cpp; sourceTree = SOURCE_ROOT; };
		E4B69E1F0A3A1BDC003C02F2 /* ofApp.h */ = {isa = PBXFileReference; fileEncoding = 30; lastKnownFileType = sourcecode.c.h; name = ofApp.h; path = src/ofApp.h; sourceTree = SOURCE_ROOT; };
		E4B6FCAD0C3E899E008CF71C /* openFrameworks-Info.plist */ = {isa = PBXFileReference; fileEncoding = 30; lastKnownFileType = text.plist.xml; path = "openFrameworks-Info.plist"; sourceTree = "<group>"; };
		E4C2424410CC5A17004149E2 /* AppKit.framework */ = {isa = PBXFileReference; lastKnownFileType = wrapper.framework; name = AppKit.framework; path = /System/Library/Frameworks/AppKit.framework; sourceTree = "<absolute>"; };
		E4C2424510CC5A17004149E2 /* Cocoa.framework */ = {isa = PBXFileReference; lastKnownFileType = wrapper.framework; name = Cocoa.framework; path = /System/Library/Frameworks/Cocoa.framework; sourceTree = "<absolute>"; };
		E4C2424610CC5A17004149E2 /* IOKit.framework */ = {isa = PBXFileReference; lastKnownFileType = wrapper.framework; name = IOKit.framework; path = /System/Library/Frameworks/IOKit.framework; sourceTree = "<absolute>"; };
		E4EB691F138AFCF100A09F29 /* CoreOF.xcconfig */ = {isa = PBXFileReference; fileEncoding = 4; lastKnownFileType = text.xcconfig; name = CoreOF.xcconfig; path = ../../../libs/openFrameworksCompiled/project/osx/CoreOF.xcconfig; sourceTree = SOURCE_ROOT; };
		E4EB6923138AFD0F00A09F29 /* Project.xcconfig */ = {isa = PBXFileReference; fileEncoding = 4; lastKnownFileType = text.xcconfig; path = Project.xcconfig; sourceTree = "<group>"; };
		E7E077E415D3B63C0020DFD4 /* CoreVideo.framework */ = {isa = PBXFileReference; lastKnownFileType = wrapper.framework; name = CoreVideo.framework; path = /System/Library/Frameworks/CoreVideo.framework; sourceTree = "<absolute>"; };
		E7E077E715D3B6510020DFD4 /* QTKit.framework */ = {isa = PBXFileReference; lastKnownFileType = wrapper.framework; name = QTKit.framework; path = /System/Library/Frameworks/QTKit.framework; sourceTree = "<absolute>"; };
		E7F985F515E0DE99003869B5 /* Accelerate.framework */ = {isa = PBXFileReference; lastKnownFileType = wrapper.framework; name = Accelerate.framework; path = /System/Library/Frameworks/Accelerate.framework; sourceTree = "<absolute>"; };
/* End PBXFileReference section */

/* Begin PBXFrameworksBuildPhase section */
		E4B69B590A3A1756003C02F2 /* Frameworks */ = {
			isa = PBXFrameworksBuildPhase;
			buildActionMask = 2147483647;
			files = (
				6474CBF619BCE019003C94E2 /* AVFoundation.framework in Frameworks */,
				6474CBF719BCE019003C94E2 /* CoreMedia.framework in Frameworks */,
				6474CBF819BCE019003C94E2 /* QuartzCore.framework in Frameworks */,
				E7F985F815E0DEA3003869B5 /* Accelerate.framework in Frameworks */,
				E7E077E815D3B6510020DFD4 /* QTKit.framework in Frameworks */,
				E4EB6799138ADC1D00A09F29 /* GLUT.framework in Frameworks */,
				E4328149138ABC9F0047C5CB /* openFrameworksDebug.a in Frameworks */,
				E45BE97B0E8CC7DD009D7055 /* AGL.framework in Frameworks */,
				E45BE97C0E8CC7DD009D7055 /* ApplicationServices.framework in Frameworks */,
				E45BE97D0E8CC7DD009D7055 /* AudioToolbox.framework in Frameworks */,
				E45BE97F0E8CC7DD009D7055 /* CoreAudio.framework in Frameworks */,
				E45BE9800E8CC7DD009D7055 /* CoreFoundation.framework in Frameworks */,
				E45BE9810E8CC7DD009D7055 /* CoreServices.framework in Frameworks */,
				E45BE9830E8CC7DD009D7055 /* OpenGL.framework in Frameworks */,
				E45BE9840E8CC7DD009D7055 /* QuickTime.framework in Frameworks */,
				E4C2424710CC5A17004149E2 /* AppKit.framework in Frameworks */,
				E4C2424810CC5A17004149E2 /* Cocoa.framework in Frameworks */,
				E4C2424910CC5A17004149E2 /* IOKit.framework in Frameworks */,
				E7E077E515D3B63C0020DFD4 /* CoreVideo.framework in Frameworks */,
			);
			runOnlyForDeploymentPostprocessing = 0;
		};
/* End PBXFrameworksBuildPhase section */

/* Begin PBXGroup section */
		BBAB23C913894ECA00AA2426 /* system frameworks */ = {
			isa = PBXGroup;
			children = (
				6474CBF019BCE00B003C94E2 /* AVFoundation.framework */,
				6474CBF119BCE00B003C94E2 /* CoreMedia.framework */,
				6474CBF219BCE00B003C94E2 /* QuartzCore.framework */,
				E7F985F515E0DE99003869B5 /* Accelerate.framework */,
				E4C2424410CC5A17004149E2 /* AppKit.framework */,
				E4C2424510CC5A17004149E2 /* Cocoa.framework */,
				E4C2424610CC5A17004149E2 /* IOKit.framework */,
				E45BE9710E8CC7DD009D7055 /* AGL.framework */,
				E45BE9720E8CC7DD009D7055 /* ApplicationServices.framework */,
				E45BE9730E8CC7DD009D7055 /* AudioToolbox.framework */,
				E45BE9750E8CC7DD009D7055 /* CoreAudio.framework */,
				E45BE9760E8CC7DD009D7055 /* CoreFoundation.framework */,
				E45BE9770E8CC7DD009D7055 /* CoreServices.framework */,
				E45BE9790E8CC7DD009D7055 /* OpenGL.framework */,
				E45BE97A0E8CC7DD009D7055 /* QuickTime.framework */,
				E7E077E415D3B63C0020DFD4 /* CoreVideo.framework */,
				E7E077E715D3B6510020DFD4 /* QTKit.framework */,
			);
			name = "system frameworks";
			sourceTree = "<group>";
		};
		BBAB23CA13894EDB00AA2426 /* 3rd party frameworks */ = {
			isa = PBXGroup;
			children = (
				BBAB23BE13894E4700AA2426 /* GLUT.framework */,
			);
			name = "3rd party frameworks";
			sourceTree = "<group>";
		};
		BBD918441A2503B1008267A4 /* ofxVolumetrics */ = {
			isa = PBXGroup;
			children = (
				BBD918B51A2503B1008267A4 /* src */,
			);
			path = ofxVolumetrics;
			sourceTree = "<group>";
		};
		BBD918B51A2503B1008267A4 /* src */ = {
			isa = PBXGroup;
			children = (
				BBD918B61A2503B1008267A4 /* ofxImageSequencePlayer.h */,
				BBD918B71A2503B1008267A4 /* ofxTexture3d.cpp */,
				BBD918B81A2503B1008267A4 /* ofxTexture3d.h */,
				BBD918B91A2503B1008267A4 /* ofxVolumetrics.cpp */,
				BBD918BA1A2503B1008267A4 /* ofxVolumetrics.h */,
			);
			path = src;
			sourceTree = "<group>";
		};
		BBF9C3821A23516E00209F8B /* addons */ = {
			isa = PBXGroup;
			children = (
				BBD918441A2503B1008267A4 /* ofxVolumetrics */,
				D6CEAD351A23596400FFC56A /* colormotor */,
				BBF9C4571A2356A400209F8B /* ofxMSAInteractiveObject */,
				BBF9C44A1A23566300209F8B /* ofxXmlSettings */,
				BBF9C43C1A23563F00209F8B /* ofxMSACore */,
				BBF9C3CB1A2355D300209F8B /* ofxMSAControlFreak */,
				BBF9C3E61A2355D300209F8B /* ofxMSAControlFreakGui */,
				BBF9C4191A2355D300209F8B /* ofxMSAOrderedPointerMap */,
			);
			name = addons;
			path = ../addons;
			sourceTree = "<group>";
		};
		BBF9C3CB1A2355D300209F8B /* ofxMSAControlFreak */ = {
			isa = PBXGroup;
			children = (
				BBF9C3CC1A2355D300209F8B /* license.md */,
				BBF9C3CD1A2355D300209F8B /* README.md */,
				BBF9C3CE1A2355D300209F8B /* src */,
			);
			path = ofxMSAControlFreak;
			sourceTree = "<group>";
		};
		BBF9C3CE1A2355D300209F8B /* src */ = {
			isa = PBXGroup;
			children = (
				BBF9C3CF1A2355D300209F8B /* AnyValue.h */,
				BBF9C3D01A2355D300209F8B /* ControllerBase.cpp */,
				BBF9C3D11A2355D300209F8B /* ControllerBase.h */,
				BBF9C3D21A2355D300209F8B /* Master.cpp */,
				BBF9C3D31A2355D300209F8B /* Master.h */,
				BBF9C3D41A2355D300209F8B /* ofxMSAControlFreak.cpp */,
				BBF9C3D51A2355D300209F8B /* ofxMSAControlFreak.h */,
				BBF9C3D61A2355D300209F8B /* Parameter.cpp */,
				BBF9C3D71A2355D300209F8B /* Parameter.h */,
				BBF9C3D81A2355D300209F8B /* ParameterBool.h */,
				BBF9C3D91A2355D300209F8B /* ParameterFloat.h */,
				BBF9C3DA1A2355D300209F8B /* ParameterGroup.cpp */,
				BBF9C3DB1A2355D300209F8B /* ParameterGroup.h */,
				BBF9C3DC1A2355D300209F8B /* ParameterInt.h */,
				BBF9C3DD1A2355D300209F8B /* ParameterNamedIndex.cpp */,
				BBF9C3DE1A2355D300209F8B /* ParameterNamedIndex.h */,
				BBF9C3DF1A2355D300209F8B /* ParameterNumberValueT.h */,
				BBF9C3E01A2355D300209F8B /* ParameterValueI.h */,
				BBF9C3E11A2355D300209F8B /* ParameterValueT.h */,
				BBF9C3E21A2355D300209F8B /* ParameterVec3f.cpp */,
				BBF9C3E31A2355D300209F8B /* ParameterVec3f.h */,
				BBF9C3E41A2355D300209F8B /* Utils.cpp */,
				BBF9C3E51A2355D300209F8B /* Utils.h */,
			);
			path = src;
			sourceTree = "<group>";
		};
		BBF9C3E61A2355D300209F8B /* ofxMSAControlFreakGui */ = {
			isa = PBXGroup;
			children = (
				BBF9C3E71A2355D300209F8B /* license.md */,
				BBF9C3E81A2355D300209F8B /* README.md */,
				BBF9C3E91A2355D300209F8B /* src */,
			);
			path = ofxMSAControlFreakGui;
			sourceTree = "<group>";
		};
		BBF9C3E91A2355D300209F8B /* src */ = {
			isa = PBXGroup;
			children = (
				BBF9C3EA1A2355D300209F8B /* Config.cpp */,
				BBF9C3EB1A2355D300209F8B /* Config.h */,
				BBF9C3EC1A2355D300209F8B /* Container.cpp */,
				BBF9C3ED1A2355D300209F8B /* Container.h */,
				BBF9C3EE1A2355D300209F8B /* Control.cpp */,
				BBF9C3EF1A2355D300209F8B /* Control.h */,
				BBF9C3F01A2355D300209F8B /* ControlProperties.cpp */,
				BBF9C3F11A2355D300209F8B /* ControlProperties.h */,
				BBF9C3F21A2355D300209F8B /* controls */,
				BBF9C4091A2355D300209F8B /* Gui.cpp */,
				BBF9C40A1A2355D300209F8B /* Gui.h */,
				BBF9C40B1A2355D300209F8B /* GuiControls.cpp */,
				BBF9C40C1A2355D300209F8B /* GuiControls.h */,
				BBF9C40D1A2355D300209F8B /* LayoutManager.cpp */,
				BBF9C40E1A2355D300209F8B /* LayoutManager.h */,
				BBF9C40F1A2355D300209F8B /* LayoutSettings.h */,
				BBF9C4101A2355D300209F8B /* ofxMSAControlFreakGui.h */,
				BBF9C4111A2355D300209F8B /* Page.cpp */,
				BBF9C4121A2355D300209F8B /* Page.h */,
				BBF9C4141A2355D300209F8B /* Panel.cpp */,
				BBF9C4151A2355D300209F8B /* Panel.h */,
				BBF9C4161A2355D300209F8B /* PanelPresetManager.h */,
				BBF9C4171A2355D300209F8B /* Renderer.cpp */,
				BBF9C4181A2355D300209F8B /* Renderer.h */,
			);
			path = src;
			sourceTree = "<group>";
		};
		BBF9C3F21A2355D300209F8B /* controls */ = {
			isa = PBXGroup;
			children = (
				BBF9C3F31A2355D300209F8B /* BoolBase.h */,
				BBF9C3F41A2355D300209F8B /* BoolButton.h */,
				BBF9C3F51A2355D300209F8B /* BoolSimpleBox.h */,
				BBF9C3F61A2355D300209F8B /* BoolSimpleCircle.h */,
				BBF9C3F71A2355D300209F8B /* BoolTitle.h */,
				BBF9C3F81A2355D300209F8B /* BoolToggle.h */,
				BBF9C3F91A2355D300209F8B /* ColorPicker.cpp */,
				BBF9C3FA1A2355D300209F8B /* ColorPicker.h */,
				BBF9C3FB1A2355D300209F8B /* Content.cpp */,
				BBF9C3FC1A2355D300209F8B /* Content.h */,
				BBF9C3FD1A2355D300209F8B /* FPSCounter.h */,
				BBF9C3FE1A2355D300209F8B /* OptionsBase.h */,
				BBF9C3FF1A2355D300209F8B /* OptionsBoxes.h */,
				BBF9C4001A2355D300209F8B /* OptionsDropdownList.h */,
				BBF9C4011A2355D300209F8B /* OptionsList.h */,
				BBF9C4021A2355D300209F8B /* QuadWarp.cpp */,
				BBF9C4031A2355D300209F8B /* QuadWarp.h */,
				BBF9C4041A2355D300209F8B /* ScrollBar.h */,
				BBF9C4051A2355D300209F8B /* Slider2d.cpp */,
				BBF9C4061A2355D300209F8B /* Slider2d.h */,
				BBF9C4071A2355D300209F8B /* SliderRawT.h */,
				BBF9C4081A2355D300209F8B /* SliderT.h */,
			);
			path = controls;
			sourceTree = "<group>";
		};
		BBF9C4191A2355D300209F8B /* ofxMSAOrderedPointerMap */ = {
			isa = PBXGroup;
			children = (
				BBF9C41A1A2355D300209F8B /* license.md */,
				BBF9C41B1A2355D300209F8B /* README.md */,
				BBF9C41C1A2355D300209F8B /* src */,
			);
			path = ofxMSAOrderedPointerMap;
			sourceTree = "<group>";
		};
		BBF9C41C1A2355D300209F8B /* src */ = {
			isa = PBXGroup;
			children = (
				BBF9C41D1A2355D300209F8B /* ofxMSAOrderedPointerMap.h */,
			);
			path = src;
			sourceTree = "<group>";
		};
		BBF9C43C1A23563F00209F8B /* ofxMSACore */ = {
			isa = PBXGroup;
			children = (
				BBF9C43D1A23563F00209F8B /* license.md */,
				BBF9C43E1A23563F00209F8B /* README.md */,
				BBF9C43F1A23563F00209F8B /* src */,
			);
			path = ofxMSACore;
			sourceTree = "<group>";
		};
		BBF9C43F1A23563F00209F8B /* src */ = {
			isa = PBXGroup;
			children = (
				BBF9C4401A23563F00209F8B /* MSACore-Cinder.h */,
				BBF9C4411A23563F00209F8B /* MSACore-OF.h */,
				BBF9C4421A23563F00209F8B /* MSACore.h */,
				BBF9C4431A23563F00209F8B /* MSACoreCommon.h */,
				BBF9C4441A23563F00209F8B /* MSACoreGL.cpp */,
				BBF9C4451A23563F00209F8B /* MSACoreGL.h */,
				BBF9C4461A23563F00209F8B /* MSACoreMath.h */,
			);
			path = src;
			sourceTree = "<group>";
		};
		BBF9C44A1A23566300209F8B /* ofxXmlSettings */ = {
			isa = PBXGroup;
			children = (
				BBF9C44B1A23566300209F8B /* libs */,
				BBF9C4501A23566300209F8B /* src */,
			);
			name = ofxXmlSettings;
			path = ../../../addons/ofxXmlSettings;
			sourceTree = "<group>";
		};
		BBF9C44B1A23566300209F8B /* libs */ = {
			isa = PBXGroup;
			children = (
				BBF9C44C1A23566300209F8B /* tinyxml.cpp */,
				BBF9C44D1A23566300209F8B /* tinyxml.h */,
				BBF9C44E1A23566300209F8B /* tinyxmlerror.cpp */,
				BBF9C44F1A23566300209F8B /* tinyxmlparser.cpp */,
			);
			path = libs;
			sourceTree = "<group>";
		};
		BBF9C4501A23566300209F8B /* src */ = {
			isa = PBXGroup;
			children = (
				BBF9C4511A23566300209F8B /* ofxXmlSettings.cpp */,
				BBF9C4521A23566300209F8B /* ofxXmlSettings.h */,
			);
			path = src;
			sourceTree = "<group>";
		};
		BBF9C4571A2356A400209F8B /* ofxMSAInteractiveObject */ = {
			isa = PBXGroup;
			children = (
				BBF9C4581A2356A400209F8B /* license.md */,
				BBF9C4591A2356A400209F8B /* README.md */,
				BBF9C45A1A2356A400209F8B /* src */,
			);
			path = ofxMSAInteractiveObject;
			sourceTree = "<group>";
		};
		BBF9C45A1A2356A400209F8B /* src */ = {
			isa = PBXGroup;
			children = (
				BBF9C45B1A2356A400209F8B /* ofxMSAInteractiveObject.cpp */,
				BBF9C45C1A2356A400209F8B /* ofxMSAInteractiveObject.h */,
			);
			path = src;
			sourceTree = "<group>";
		};
		D60BAE721A275B1F00938BD5 /* maxi */ = {
			isa = PBXGroup;
			children = (
				D60BAE731A275B1F00938BD5 /* maximilian.cpp */,
				D60BAE741A275B1F00938BD5 /* maximilian.h */,
				D60BAE751A275B1F00938BD5 /* RtAudio.cpp */,
				D60BAE761A275B1F00938BD5 /* RtAudio.h */,
				D60BAE771A275B1F00938BD5 /* RtError.h */,
			);
			path = maxi;
			sourceTree = "<group>";
		};
		D6CEAD351A23596400FFC56A /* colormotor */ = {
			isa = PBXGroup;
			children = (
				D6CEADAC1A23A0D200FFC56A /* cmGfx.h */,
				D6CEADAD1A23A0D200FFC56A /* gfx */,
				D6CEAD8E1A2359F900FFC56A /* cm.h */,
				D6CEAD8F1A2359F900FFC56A /* cmConfig.h */,
				D6CEAD361A23596400FFC56A /* cmCore.h */,
				D6CEAD371A23596400FFC56A /* cmMath.h */,
				D6CEAD381A23596400FFC56A /* colormotor.h */,
				D6CEAD391A23596400FFC56A /* core */,
				D6CEAD5C1A23596400FFC56A /* math */,
			);
			path = colormotor;
			sourceTree = "<group>";
		};
		D6CEAD391A23596400FFC56A /* core */ = {
			isa = PBXGroup;
			children = (
				D6CEAD3A1A23596400FFC56A /* Array2D.h */,
				D6CEAD3B1A23596400FFC56A /* cmBuffer.cpp */,
				D6CEAD3C1A23596400FFC56A /* cmBuffer.h */,
				D6CEAD3D1A23596400FFC56A /* cmCoreIncludes.h */,
				D6CEAD3E1A23596400FFC56A /* cmFileUtils.cpp */,
				D6CEAD3F1A23596400FFC56A /* cmFileUtils.h */,
				D6CEAD401A23596400FFC56A /* cmFileWatcher.cpp */,
				D6CEAD411A23596400FFC56A /* cmFileWatcher.h */,
				D6CEAD421A23596400FFC56A /* cmMemoryMap.cpp */,
				D6CEAD431A23596400FFC56A /* cmMemoryMap.h */,
				D6CEAD481A23596400FFC56A /* cmRefPtr.h */,
				D6CEAD491A23596400FFC56A /* cmResource.cpp */,
				D6CEAD4A1A23596400FFC56A /* cmResource.h */,
				D6CEAD4B1A23596400FFC56A /* cmRTTI.cpp */,
				D6CEAD4C1A23596400FFC56A /* cmRTTI.h */,
				D6CEAD4D1A23596400FFC56A /* cmSingleton.h */,
				D6CEAD4E1A23596400FFC56A /* cmThread.cpp */,
				D6CEAD4F1A23596400FFC56A /* cmThread.h */,
				D6CEAD501A23596400FFC56A /* cmTime.cpp */,
				D6CEAD511A23596400FFC56A /* cmTime.h */,
				D6CEAD521A23596400FFC56A /* cmUtils.cpp */,
				D6CEAD531A23596400FFC56A /* cmUtils.h */,
				D6CEAD541A23596400FFC56A /* HashMap.h */,
				D6CEAD551A23596400FFC56A /* platform */,
				D6CEAD5B1A23596400FFC56A /* TPtrList.h */,
			);
			path = core;
			sourceTree = "<group>";
		};
		D6CEAD551A23596400FFC56A /* platform */ = {
			isa = PBXGroup;
			children = (
				D6CEAD561A23596400FFC56A /* osx */,
				D6CEAD591A23596400FFC56A /* win32 */,
			);
			path = platform;
			sourceTree = "<group>";
		};
		D6CEAD561A23596400FFC56A /* osx */ = {
			isa = PBXGroup;
			children = (
				D6CEAD571A23596400FFC56A /* CMOSX.mm */,
				D6CEAD581A23596400FFC56A /* CMOSXThread.h */,
			);
			path = osx;
			sourceTree = "<group>";
		};
		D6CEAD591A23596400FFC56A /* win32 */ = {
			isa = PBXGroup;
			children = (
				D6CEAD5A1A23596400FFC56A /* CMWin32Thread.h */,
			);
			path = win32;
			sourceTree = "<group>";
		};
		D6CEAD5C1A23596400FFC56A /* math */ = {
			isa = PBXGroup;
			children = (
				D6CEAD5D1A23596400FFC56A /* CMAABox.h */,
				D6CEAD5E1A23596400FFC56A /* CMArcBall.cpp */,
				D6CEAD5F1A23596400FFC56A /* CMArcBall.h */,
				D6CEAD601A23596400FFC56A /* CMColor.h */,
				D6CEAD611A23596400FFC56A /* cmFrustum.cpp */,
				D6CEAD621A23596400FFC56A /* cmFrustum.h */,
				D6CEAD631A23596400FFC56A /* cmHomography.cpp */,
				D6CEAD641A23596400FFC56A /* cmHomography.h */,
				D6CEAD651A23596400FFC56A /* cmMathDefs.h */,
				D6CEAD661A23596400FFC56A /* cmMathIncludes.h */,
				D6CEAD671A23596400FFC56A /* cmMathUtils.cpp */,
				D6CEAD681A23596400FFC56A /* cmMathUtils.h */,
				D6CEAD691A23596400FFC56A /* cmMatrix3x3.h */,
				D6CEAD6A1A23596400FFC56A /* cmMatrix4x4.h */,
				D6CEAD6B1A23596400FFC56A /* CMPerlin.cpp */,
				D6CEAD6C1A23596400FFC56A /* CMPerlin.h */,
				D6CEAD6D1A23596400FFC56A /* CMPlane.h */,
				D6CEAD6E1A23596400FFC56A /* CMQuat.h */,
				D6CEAD6F1A23596400FFC56A /* CMRay.cpp */,
				D6CEAD701A23596400FFC56A /* CMRay.h */,
				D6CEAD711A23596400FFC56A /* CMRect.h */,
				D6CEAD721A23596400FFC56A /* CMRect3D.h */,
				D6CEAD731A23596400FFC56A /* CMTransform.cpp */,
				D6CEAD741A23596400FFC56A /* CMTransform.h */,
				D6CEAD751A23596400FFC56A /* CMTriangle2D.h */,
				D6CEAD761A23596400FFC56A /* cmVec2.h */,
				D6CEAD771A23596400FFC56A /* cmVec3.h */,
				D6CEAD781A23596400FFC56A /* cmVec4.h */,
				D6CEAD791A23596400FFC56A /* cmVector.h */,
			);
			path = math;
			sourceTree = "<group>";
		};
		D6CEAD911A239C1D00FFC56A /* animSys */ = {
			isa = PBXGroup;
			children = (
				D6CEADA41A239CC800FFC56A /* Timeline.h */,
				D6CEAD921A239C1D00FFC56A /* BVHParser.cpp */,
				D6CEAD931A239C1D00FFC56A /* BVHParser.h */,
				D6CEAD941A239C1D00FFC56A /* Skeleton.cpp */,
				D6CEAD951A239C1D00FFC56A /* Skeleton.h */,
				D6CEAD961A239C1D00FFC56A /* SkeletonAnimator.cpp */,
				D6CEAD971A239C1D00FFC56A /* SkeletonAnimator.h */,
				D6CEAD981A239C1D00FFC56A /* SkeletonAnimInstance.cpp */,
				D6CEAD991A239C1D00FFC56A /* SkeletonAnimInstance.h */,
				D6CEAD9A1A239C1D00FFC56A /* SkeletonAnimSource.cpp */,
				D6CEAD9B1A239C1D00FFC56A /* SkeletonAnimSource.h */,
				D6CEAD9C1A239C1D00FFC56A /* SkeletonAnimSystem.cpp */,
				D6CEAD9D1A239C1D00FFC56A /* SkeletonAnimSystem.h */,
				D6CEADAB1A239D6E00FFC56A /* AnimSys.h */,
			);
			path = animSys;
			sourceTree = "<group>";
		};
		D6CEADAD1A23A0D200FFC56A /* gfx */ = {
			isa = PBXGroup;
			children = (
				D6CEADAE1A23A0D200FFC56A /* cmGfxUtils.cpp */,
				D6CEADAF1A23A0D200FFC56A /* CMGfxUtils.h */,
			);
			path = gfx;
			sourceTree = "<group>";
		};
		E4328144138ABC890047C5CB /* Products */ = {
			isa = PBXGroup;
			children = (
				E4328148138ABC890047C5CB /* openFrameworksDebug.a */,
			);
			name = Products;
			sourceTree = "<group>";
		};
		E45BE5980E8CC70C009D7055 /* frameworks */ = {
			isa = PBXGroup;
			children = (
				BBAB23CA13894EDB00AA2426 /* 3rd party frameworks */,
				BBAB23C913894ECA00AA2426 /* system frameworks */,
			);
			name = frameworks;
			sourceTree = "<group>";
		};
		E4B69B4A0A3A1720003C02F2 = {
			isa = PBXGroup;
			children = (
				BBD918CE1A25EEEB008267A4 /* sea.frag */,
				E4B6FCAD0C3E899E008CF71C /* openFrameworks-Info.plist */,
				E4EB6923138AFD0F00A09F29 /* Project.xcconfig */,
				BBF9C4611A23748800209F8B /* shaders */,
				BBF9C3821A23516E00209F8B /* addons */,
				E4B69E1C0A3A1BDC003C02F2 /* src */,
				E4EEC9E9138DF44700A80321 /* openFrameworks */,
				E45BE5980E8CC70C009D7055 /* frameworks */,
				E4B69B5B0A3A1756003C02F2 /* VolumeRunnerAppDebug.app */,
			);
			sourceTree = "<group>";
		};
		E4B69E1C0A3A1BDC003C02F2 /* src */ = {
			isa = PBXGroup;
			children = (
				D60BAE7A1A275B3700938BD5 /* threaded_player.cpp */,
				D60BAE7B1A275B3700938BD5 /* threaded_player.h */,
				D60BAE721A275B1F00938BD5 /* maxi */,
				D608034B1A2648180018B8CF /* RenderManager.h */,
				D6CEAD911A239C1D00FFC56A /* animSys */,
				E4B69E1D0A3A1BDC003C02F2 /* main.cpp */,
				E4B69E1E0A3A1BDC003C02F2 /* ofApp.cpp */,
				E4B69E1F0A3A1BDC003C02F2 /* ofApp.h */,
				D6CEADA81A239D4B00FFC56A /* RunningSkeleton.cpp */,
				D6CEADA91A239D4B00FFC56A /* RunningSkeleton.h */,
				D69964B11A24CE16000F51F8 /* Dude.cpp */,
				D69964B21A24CE16000F51F8 /* Dude.h */,
				D69964B41A24EAB1000F51F8 /* Camera.cpp */,
				D69964B51A24EAB1000F51F8 /* Camera.h */,
				BBD918C11A250611008267A4 /* Volume.cpp */,
				BBD918C21A250611008267A4 /* Volume.h */,
				D60803481A2644500018B8CF /* Thing.h */,
				BB6C31D51A2753DE008509F0 /* Floor.h */,
				D60BAE7E1A276EDC00938BD5 /* AudioManager.cpp */,
				D60BAE7F1A276EDC00938BD5 /* AudioManager.h */,
			);
			path = src;
			sourceTree = SOURCE_ROOT;
		};
		E4EEC9E9138DF44700A80321 /* openFrameworks */ = {
			isa = PBXGroup;
			children = (
				E4EB691F138AFCF100A09F29 /* CoreOF.xcconfig */,
				E4328143138ABC890047C5CB /* openFrameworksLib.xcodeproj */,
			);
			name = openFrameworks;
			sourceTree = "<group>";
		};
/* End PBXGroup section */

/* Begin PBXNativeTarget section */
		E4B69B5A0A3A1756003C02F2 /* VolumeRunnerApp */ = {
			isa = PBXNativeTarget;
			buildConfigurationList = E4B69B5F0A3A1757003C02F2 /* Build configuration list for PBXNativeTarget "VolumeRunnerApp" */;
			buildPhases = (
				E4B69B580A3A1756003C02F2 /* Sources */,
				E4B69B590A3A1756003C02F2 /* Frameworks */,
				E4B6FFFD0C3F9AB9008CF71C /* ShellScript */,
				E4C2427710CC5ABF004149E2 /* CopyFiles */,
			);
			buildRules = (
			);
			dependencies = (
				E4EEB9AC138B136A00A80321 /* PBXTargetDependency */,
			);
			name = VolumeRunnerApp;
			productName = myOFApp;
			productReference = E4B69B5B0A3A1756003C02F2 /* VolumeRunnerAppDebug.app */;
			productType = "com.apple.product-type.application";
		};
/* End PBXNativeTarget section */

/* Begin PBXProject section */
		E4B69B4C0A3A1720003C02F2 /* Project object */ = {
			isa = PBXProject;
			attributes = {
				LastUpgradeCheck = 0600;
			};
			buildConfigurationList = E4B69B4D0A3A1720003C02F2 /* Build configuration list for PBXProject "VolumeRunnerApp" */;
			compatibilityVersion = "Xcode 3.2";
			developmentRegion = English;
			hasScannedForEncodings = 0;
			knownRegions = (
				English,
				Japanese,
				French,
				German,
			);
			mainGroup = E4B69B4A0A3A1720003C02F2;
			productRefGroup = E4B69B4A0A3A1720003C02F2;
			projectDirPath = "";
			projectReferences = (
				{
					ProductGroup = E4328144138ABC890047C5CB /* Products */;
					ProjectRef = E4328143138ABC890047C5CB /* openFrameworksLib.xcodeproj */;
				},
			);
			projectRoot = "";
			targets = (
				E4B69B5A0A3A1756003C02F2 /* VolumeRunnerApp */,
			);
		};
/* End PBXProject section */

/* Begin PBXReferenceProxy section */
		E4328148138ABC890047C5CB /* openFrameworksDebug.a */ = {
			isa = PBXReferenceProxy;
			fileType = archive.ar;
			path = openFrameworksDebug.a;
			remoteRef = E4328147138ABC890047C5CB /* PBXContainerItemProxy */;
			sourceTree = BUILT_PRODUCTS_DIR;
		};
/* End PBXReferenceProxy section */

/* Begin PBXShellScriptBuildPhase section */
		E4B6FFFD0C3F9AB9008CF71C /* ShellScript */ = {
			isa = PBXShellScriptBuildPhase;
			buildActionMask = 2147483647;
			files = (
			);
			inputPaths = (
			);
			outputPaths = (
			);
			runOnlyForDeploymentPostprocessing = 0;
			shellPath = /bin/sh;
			shellScript = "cp -f ../../../libs/fmodex/lib/osx/libfmodex.dylib \"$TARGET_BUILD_DIR/$PRODUCT_NAME.app/Contents/MacOS/libfmodex.dylib\"; install_name_tool -change ./libfmodex.dylib @executable_path/libfmodex.dylib \"$TARGET_BUILD_DIR/$PRODUCT_NAME.app/Contents/MacOS/$PRODUCT_NAME\";\nmkdir -p \"$TARGET_BUILD_DIR/$PRODUCT_NAME.app/Contents/Resources/\"\ncp -f \"$ICON_FILE\" \"$TARGET_BUILD_DIR/$PRODUCT_NAME.app/Contents/Resources/\"\n";
		};
/* End PBXShellScriptBuildPhase section */

/* Begin PBXSourcesBuildPhase section */
		E4B69B580A3A1756003C02F2 /* Sources */ = {
			isa = PBXSourcesBuildPhase;
			buildActionMask = 2147483647;
			files = (
				BBF9C45F1A2356A400209F8B /* ofxMSAInteractiveObject.cpp in Sources */,
				BBF9C4371A2355D300209F8B /* Panel.cpp in Sources */,
				D6CEAD871A23596400FFC56A /* CMArcBall.cpp in Sources */,
				BBF9C4551A23566300209F8B /* tinyxmlparser.cpp in Sources */,
				D6CEAD9F1A239C1D00FFC56A /* Skeleton.cpp in Sources */,
				BBF9C4541A23566300209F8B /* tinyxmlerror.cpp in Sources */,
				D60BAE781A275B1F00938BD5 /* maximilian.cpp in Sources */,
				D6CEAD7B1A23596400FFC56A /* cmBuffer.cpp in Sources */,
				BBF9C42F1A2355D300209F8B /* Content.cpp in Sources */,
				D6CEADA21A239C1D00FFC56A /* SkeletonAnimSource.cpp in Sources */,
				D6CEAD831A23596400FFC56A /* cmThread.cpp in Sources */,
				D6CEAD891A23596400FFC56A /* cmHomography.cpp in Sources */,
				D6CEAD8C1A23596400FFC56A /* CMRay.cpp in Sources */,
				BBF9C4531A23566300209F8B /* tinyxml.cpp in Sources */,
				D6CEAD8B1A23596400FFC56A /* CMPerlin.cpp in Sources */,
				BBF9C4351A2355D300209F8B /* Page.cpp in Sources */,
				BBF9C42C1A2355D300209F8B /* Control.cpp in Sources */,
				BBF9C42E1A2355D300209F8B /* ColorPicker.cpp in Sources */,
				BBF9C4201A2355D300209F8B /* ControllerBase.cpp in Sources */,
				BBF9C41F1A2355D300209F8B /* README.md in Sources */,
				D6CEAD7D1A23596400FFC56A /* cmFileWatcher.cpp in Sources */,
				BBF9C4231A2355D300209F8B /* Parameter.cpp in Sources */,
				D6CEAD8A1A23596400FFC56A /* cmMathUtils.cpp in Sources */,
				D6CEAD881A23596400FFC56A /* cmFrustum.cpp in Sources */,
				BBF9C4291A2355D300209F8B /* README.md in Sources */,
				BBF9C42A1A2355D300209F8B /* Config.cpp in Sources */,
				D60BAE801A276EDC00938BD5 /* AudioManager.cpp in Sources */,
				BBF9C4311A2355D300209F8B /* Slider2d.cpp in Sources */,
				BBF9C4561A23566300209F8B /* ofxXmlSettings.cpp in Sources */,
				D60BAE791A275B1F00938BD5 /* RtAudio.cpp in Sources */,
				BBF9C4491A23563F00209F8B /* MSACoreGL.cpp in Sources */,
				BBF9C4261A2355D300209F8B /* ParameterVec3f.cpp in Sources */,
				BBF9C4331A2355D300209F8B /* GuiControls.cpp in Sources */,
				BBD918BF1A2503B1008267A4 /* ofxTexture3d.cpp in Sources */,
				BBF9C43A1A2355D300209F8B /* README.md in Sources */,
				BBF9C4241A2355D300209F8B /* ParameterGroup.cpp in Sources */,
				BBD918C31A250611008267A4 /* Volume.cpp in Sources */,
				BBD918C01A2503B1008267A4 /* ofxVolumetrics.cpp in Sources */,
				BBF9C4481A23563F00209F8B /* README.md in Sources */,
				D6CEAD7C1A23596400FFC56A /* cmFileUtils.cpp in Sources */,
				BBF9C45E1A2356A400209F8B /* README.md in Sources */,
				BBF9C42B1A2355D300209F8B /* Container.cpp in Sources */,
				D6CEADA11A239C1D00FFC56A /* SkeletonAnimInstance.cpp in Sources */,
				BBF9C4251A2355D300209F8B /* ParameterNamedIndex.cpp in Sources */,
				BBF9C4301A2355D300209F8B /* QuadWarp.cpp in Sources */,
				BBF9C4471A23563F00209F8B /* license.md in Sources */,
				D6CEAD851A23596400FFC56A /* cmUtils.cpp in Sources */,
				D6CEADA31A239C1D00FFC56A /* SkeletonAnimSystem.cpp in Sources */,
				D6CEADAA1A239D4B00FFC56A /* RunningSkeleton.cpp in Sources */,
				BBF9C41E1A2355D300209F8B /* license.md in Sources */,
				BBF9C4281A2355D300209F8B /* license.md in Sources */,
				BBF9C4271A2355D300209F8B /* Utils.cpp in Sources */,
				D69964B61A24EAB1000F51F8 /* Camera.cpp in Sources */,
				E4B69E200A3A1BDC003C02F2 /* main.cpp in Sources */,
				D6CEAD861A23596400FFC56A /* CMOSX.mm in Sources */,
				D6CEAD811A23596400FFC56A /* cmResource.cpp in Sources */,
				E4B69E210A3A1BDC003C02F2 /* ofApp.cpp in Sources */,
				D6CEAD7E1A23596400FFC56A /* cmMemoryMap.cpp in Sources */,
				BBF9C4381A2355D300209F8B /* Renderer.cpp in Sources */,
				BBF9C4211A2355D300209F8B /* Master.cpp in Sources */,
				D6CEADA01A239C1D00FFC56A /* SkeletonAnimator.cpp in Sources */,
				D6CEADB01A23A0D200FFC56A /* cmGfxUtils.cpp in Sources */,
				BBF9C4321A2355D300209F8B /* Gui.cpp in Sources */,
				D60BAE7C1A275B3700938BD5 /* threaded_player.cpp in Sources */,
				BBF9C42D1A2355D300209F8B /* ControlProperties.cpp in Sources */,
				D69964B31A24CE16000F51F8 /* Dude.cpp in Sources */,
				D6CEAD841A23596400FFC56A /* cmTime.cpp in Sources */,
				BBF9C4221A2355D300209F8B /* ofxMSAControlFreak.cpp in Sources */,
				BBF9C4341A2355D300209F8B /* LayoutManager.cpp in Sources */,
				BBF9C4391A2355D300209F8B /* license.md in Sources */,
				D6CEAD8D1A23596400FFC56A /* CMTransform.cpp in Sources */,
				D6CEAD821A23596400FFC56A /* cmRTTI.cpp in Sources */,
				BBF9C45D1A2356A400209F8B /* license.md in Sources */,
				D6CEAD9E1A239C1D00FFC56A /* BVHParser.cpp in Sources */,
			);
			runOnlyForDeploymentPostprocessing = 0;
		};
/* End PBXSourcesBuildPhase section */

/* Begin PBXTargetDependency section */
		E4EEB9AC138B136A00A80321 /* PBXTargetDependency */ = {
			isa = PBXTargetDependency;
			name = openFrameworks;
			targetProxy = E4EEB9AB138B136A00A80321 /* PBXContainerItemProxy */;
		};
/* End PBXTargetDependency section */

/* Begin XCBuildConfiguration section */
		E4B69B4E0A3A1720003C02F2 /* Debug */ = {
			isa = XCBuildConfiguration;
			baseConfigurationReference = E4EB6923138AFD0F00A09F29 /* Project.xcconfig */;
			buildSettings = {
				ARCHS = "$(ARCHS_STANDARD_32_BIT)";
				CONFIGURATION_BUILD_DIR = "$(SRCROOT)/bin/";
				COPY_PHASE_STRIP = NO;
				DEAD_CODE_STRIPPING = YES;
				GCC_AUTO_VECTORIZATION = YES;
				GCC_ENABLE_SSE3_EXTENSIONS = YES;
				GCC_ENABLE_SUPPLEMENTAL_SSE3_INSTRUCTIONS = YES;
				GCC_INLINES_ARE_PRIVATE_EXTERN = NO;
				GCC_OPTIMIZATION_LEVEL = 0;
				GCC_SYMBOLS_PRIVATE_EXTERN = NO;
				GCC_WARN_ABOUT_DEPRECATED_FUNCTIONS = YES;
				GCC_WARN_ABOUT_INVALID_OFFSETOF_MACRO = NO;
				GCC_WARN_ALLOW_INCOMPLETE_PROTOCOL = NO;
				GCC_WARN_UNINITIALIZED_AUTOS = NO;
				GCC_WARN_UNUSED_VALUE = NO;
				GCC_WARN_UNUSED_VARIABLE = NO;
				MACOSX_DEPLOYMENT_TARGET = 10.6;
				ONLY_ACTIVE_ARCH = YES;
				OTHER_CPLUSPLUSFLAGS = (
					"-D__MACOSX_CORE__",
					"-lpthread",
					"-mtune=native",
				);
				SDKROOT = macosx;
			};
			name = Debug;
		};
		E4B69B4F0A3A1720003C02F2 /* Release */ = {
			isa = XCBuildConfiguration;
			baseConfigurationReference = E4EB6923138AFD0F00A09F29 /* Project.xcconfig */;
			buildSettings = {
				ARCHS = "$(ARCHS_STANDARD_32_BIT)";
				CONFIGURATION_BUILD_DIR = "$(SRCROOT)/bin/";
				COPY_PHASE_STRIP = YES;
				DEAD_CODE_STRIPPING = YES;
				GCC_AUTO_VECTORIZATION = YES;
				GCC_ENABLE_SSE3_EXTENSIONS = YES;
				GCC_ENABLE_SUPPLEMENTAL_SSE3_INSTRUCTIONS = YES;
				GCC_INLINES_ARE_PRIVATE_EXTERN = NO;
				GCC_OPTIMIZATION_LEVEL = 3;
				GCC_SYMBOLS_PRIVATE_EXTERN = NO;
				GCC_UNROLL_LOOPS = YES;
				GCC_WARN_ABOUT_DEPRECATED_FUNCTIONS = YES;
				GCC_WARN_ABOUT_INVALID_OFFSETOF_MACRO = NO;
				GCC_WARN_ALLOW_INCOMPLETE_PROTOCOL = NO;
				GCC_WARN_UNINITIALIZED_AUTOS = NO;
				GCC_WARN_UNUSED_VALUE = NO;
				GCC_WARN_UNUSED_VARIABLE = NO;
				MACOSX_DEPLOYMENT_TARGET = 10.6;
				OTHER_CPLUSPLUSFLAGS = (
					"-D__MACOSX_CORE__",
					"-lpthread",
					"-mtune=native",
				);
				SDKROOT = macosx;
			};
			name = Release;
		};
		E4B69B600A3A1757003C02F2 /* Debug */ = {
			isa = XCBuildConfiguration;
			buildSettings = {
				COMBINE_HIDPI_IMAGES = YES;
				COPY_PHASE_STRIP = NO;
				FRAMEWORK_SEARCH_PATHS = (
					"$(inherited)",
					"$(FRAMEWORK_SEARCH_PATHS_QUOTED_FOR_TARGET_1)",
				);
				FRAMEWORK_SEARCH_PATHS_QUOTED_FOR_TARGET_1 = "\"$(SRCROOT)/../../../libs/glut/lib/osx\"";
				GCC_DYNAMIC_NO_PIC = NO;
				GCC_GENERATE_DEBUGGING_SYMBOLS = YES;
				GCC_MODEL_TUNING = NONE;
				ICON = "$(ICON_NAME_DEBUG)";
				ICON_FILE = "$(ICON_FILE_PATH)$(ICON)";
				INFOPLIST_FILE = "openFrameworks-Info.plist";
				INSTALL_PATH = "$(HOME)/Applications";
				LIBRARY_SEARCH_PATHS = (
					"$(inherited)",
					/Users/memo/Dropbox/dev/openFrameworks/openFrameworks/PHD,
					apps/VolumeRunner/addons/ofxTwBar/libs/AntTweakBar/lib/osx,
					/Users/memo/Dropbox/dev/openFrameworks/openFrameworks/PHD,
					apps/VolumeRunner/addons/ofxTwBar/libs/AntTweakBar/lib/win,
				);
				PRODUCT_NAME = "$(TARGET_NAME)Debug";
				WRAPPER_EXTENSION = app;
			};
			name = Debug;
		};
		E4B69B610A3A1757003C02F2 /* Release */ = {
			isa = XCBuildConfiguration;
			buildSettings = {
				COMBINE_HIDPI_IMAGES = YES;
				COPY_PHASE_STRIP = YES;
				FRAMEWORK_SEARCH_PATHS = (
					"$(inherited)",
					"$(FRAMEWORK_SEARCH_PATHS_QUOTED_FOR_TARGET_1)",
				);
				FRAMEWORK_SEARCH_PATHS_QUOTED_FOR_TARGET_1 = "\"$(SRCROOT)/../../../libs/glut/lib/osx\"";
				GCC_GENERATE_DEBUGGING_SYMBOLS = YES;
				GCC_MODEL_TUNING = NONE;
				ICON = "$(ICON_NAME_RELEASE)";
				ICON_FILE = "$(ICON_FILE_PATH)$(ICON)";
				INFOPLIST_FILE = "openFrameworks-Info.plist";
				INSTALL_PATH = "$(HOME)/Applications";
				LIBRARY_SEARCH_PATHS = (
					"$(inherited)",
					/Users/memo/Dropbox/dev/openFrameworks/openFrameworks/PHD,
					apps/VolumeRunner/addons/ofxTwBar/libs/AntTweakBar/lib/osx,
					/Users/memo/Dropbox/dev/openFrameworks/openFrameworks/PHD,
					apps/VolumeRunner/addons/ofxTwBar/libs/AntTweakBar/lib/win,
				);
				PRODUCT_NAME = "$(TARGET_NAME)";
				WRAPPER_EXTENSION = app;
			};
			name = Release;
		};
/* End XCBuildConfiguration section */

/* Begin XCConfigurationList section */
		E4B69B4D0A3A1720003C02F2 /* Build configuration list for PBXProject "VolumeRunnerApp" */ = {
			isa = XCConfigurationList;
			buildConfigurations = (
				E4B69B4E0A3A1720003C02F2 /* Debug */,
				E4B69B4F0A3A1720003C02F2 /* Release */,
			);
			defaultConfigurationIsVisible = 0;
			defaultConfigurationName = Release;
		};
		E4B69B5F0A3A1757003C02F2 /* Build configuration list for PBXNativeTarget "VolumeRunnerApp" */ = {
			isa = XCConfigurationList;
			buildConfigurations = (
				E4B69B600A3A1757003C02F2 /* Debug */,
				E4B69B610A3A1757003C02F2 /* Release */,
			);
			defaultConfigurationIsVisible = 0;
			defaultConfigurationName = Release;
		};
/* End XCConfigurationList section */
	};
	rootObject = E4B69B4C0A3A1720003C02F2 /* Project object */;
}
